<?xml version="1.0" encoding="UTF-8"?>
<!DOCTYPE plist PUBLIC "-//Apple//DTD PLIST 1.0//EN" "http://www.apple.com/DTDs/PropertyList-1.0.dtd">
<plist version="1.0">
<dict>
	<key>archiveVersion</key>
	<string>1</string>
	<key>classes</key>
	<dict/>
	<key>objectVersion</key>
	<string>46</string>
	<key>objects</key>
	<dict>
		<key>03201FC6C3ADFB4B5DF4DC9C</key>
		<dict>
			<key>explicitFileType</key>
			<string>archive.ar</string>
			<key>includeInIndex</key>
			<string>0</string>
			<key>isa</key>
			<string>PBXFileReference</string>
			<key>path</key>
			<string>libPods-EVNTR.a</string>
			<key>sourceTree</key>
			<string>BUILT_PRODUCTS_DIR</string>
		</dict>
		<key>39694B61F77E0C56C4211285</key>
		<dict>
			<key>buildActionMask</key>
			<string>2147483647</string>
			<key>files</key>
			<array/>
			<key>inputPaths</key>
			<array/>
			<key>isa</key>
			<string>PBXShellScriptBuildPhase</string>
			<key>name</key>
			<string>Copy Pods Resources</string>
			<key>outputPaths</key>
			<array/>
			<key>runOnlyForDeploymentPostprocessing</key>
			<string>0</string>
			<key>shellPath</key>
			<string>/bin/sh</string>
			<key>shellScript</key>
			<string>"${SRCROOT}/Pods/Target Support Files/Pods-EVNTR/Pods-EVNTR-resources.sh"
</string>
			<key>showEnvVarsInLog</key>
			<string>0</string>
		</dict>
		<key>7849B0C69BB41BF71F684B9A</key>
		<dict>
			<key>includeInIndex</key>
			<string>1</string>
			<key>isa</key>
			<string>PBXFileReference</string>
			<key>lastKnownFileType</key>
			<string>text.xcconfig</string>
			<key>name</key>
			<string>Pods-EVNTR.debug.xcconfig</string>
			<key>path</key>
			<string>Pods/Target Support Files/Pods-EVNTR/Pods-EVNTR.debug.xcconfig</string>
			<key>sourceTree</key>
			<string>&lt;group&gt;</string>
		</dict>
		<key>A41562B81A767D3A00565BB6</key>
		<dict>
			<key>children</key>
			<array>
				<string>A41562C31A767D3A00565BB6</string>
				<string>A41562DD1A767D3A00565BB6</string>
				<string>A41562C21A767D3A00565BB6</string>
				<string>A41563391A768AC700565BB6</string>
				<string>BE83D09BF3E3905B16F38E01</string>
			</array>
			<key>isa</key>
			<string>PBXGroup</string>
			<key>sourceTree</key>
			<string>&lt;group&gt;</string>
		</dict>
		<key>A41562B91A767D3A00565BB6</key>
		<dict>
			<key>attributes</key>
			<dict>
				<key>LastUpgradeCheck</key>
				<string>0610</string>
				<key>ORGANIZATIONNAME</key>
				<string>U2PrideLabs</string>
				<key>TargetAttributes</key>
				<dict>
					<key>A41562C01A767D3A00565BB6</key>
					<dict>
						<key>CreatedOnToolsVersion</key>
						<string>6.1.1</string>
					</dict>
					<key>A41562D91A767D3A00565BB6</key>
					<dict>
						<key>CreatedOnToolsVersion</key>
						<string>6.1.1</string>
						<key>TestTargetID</key>
						<string>A41562C01A767D3A00565BB6</string>
					</dict>
				</dict>
			</dict>
			<key>buildConfigurationList</key>
			<string>A41562BC1A767D3A00565BB6</string>
			<key>compatibilityVersion</key>
			<string>Xcode 3.2</string>
			<key>developmentRegion</key>
			<string>English</string>
			<key>hasScannedForEncodings</key>
			<string>0</string>
			<key>isa</key>
			<string>PBXProject</string>
			<key>knownRegions</key>
			<array>
				<string>en</string>
				<string>Base</string>
			</array>
			<key>mainGroup</key>
			<string>A41562B81A767D3A00565BB6</string>
			<key>productRefGroup</key>
			<string>A41562C21A767D3A00565BB6</string>
			<key>projectDirPath</key>
			<string></string>
			<key>projectReferences</key>
			<array/>
			<key>projectRoot</key>
			<string></string>
			<key>targets</key>
			<array>
				<string>A41562C01A767D3A00565BB6</string>
				<string>A41562D91A767D3A00565BB6</string>
			</array>
		</dict>
		<key>A41562BC1A767D3A00565BB6</key>
		<dict>
			<key>buildConfigurations</key>
			<array>
				<string>A41562E21A767D3A00565BB6</string>
				<string>A41562E31A767D3A00565BB6</string>
			</array>
			<key>defaultConfigurationIsVisible</key>
			<string>0</string>
			<key>defaultConfigurationName</key>
			<string>Release</string>
			<key>isa</key>
			<string>XCConfigurationList</string>
		</dict>
		<key>A41562BD1A767D3A00565BB6</key>
		<dict>
			<key>buildActionMask</key>
			<string>2147483647</string>
			<key>files</key>
			<array>
				<string>A415634C1A76EF3A00565BB6</string>
				<string>A4594B1E1A77C0D600270ECE</string>
				<string>A4B24D441A7709D200B4C3A6</string>
				<string>A41563481A76EB8E00565BB6</string>
				<string>A41562CA1A767D3A00565BB6</string>
				<string>A41563451A76E15100565BB6</string>
				<string>A41563421A76ACC000565BB6</string>
				<string>A415633F1A769FDE00565BB6</string>
				<string>A41562C71A767D3A00565BB6</string>
				<string>A415633C1A768B9700565BB6</string>
				<string>A415634F1A76F35D00565BB6</string>
			</array>
			<key>isa</key>
			<string>PBXSourcesBuildPhase</string>
			<key>runOnlyForDeploymentPostprocessing</key>
			<string>0</string>
		</dict>
		<key>A41562BE1A767D3A00565BB6</key>
		<dict>
			<key>buildActionMask</key>
			<string>2147483647</string>
			<key>files</key>
			<array>
				<string>A41563381A76890E00565BB6</string>
				<string>A41563361A76890200565BB6</string>
				<string>A41563341A7688F800565BB6</string>
				<string>A41563321A7688F000565BB6</string>
				<string>A41563301A7688E900565BB6</string>
				<string>A415632E1A7688E200565BB6</string>
				<string>A415632C1A7688DB00565BB6</string>
				<string>A415632A1A7688D300565BB6</string>
				<string>A41563281A7688CC00565BB6</string>
				<string>A41563261A7688C300565BB6</string>
				<string>A41563241A7688BB00565BB6</string>
				<string>A41563221A76885500565BB6</string>
				<string>A41563211A76885400565BB6</string>
				<string>B967E3E0BCFFC29F3ADF2E25</string>
			</array>
			<key>isa</key>
			<string>PBXFrameworksBuildPhase</string>
			<key>runOnlyForDeploymentPostprocessing</key>
			<string>0</string>
		</dict>
		<key>A41562BF1A767D3A00565BB6</key>
		<dict>
			<key>buildActionMask</key>
			<string>2147483647</string>
			<key>files</key>
			<array>
				<string>A41562D01A767D3A00565BB6</string>
				<string>A41562D51A767D3A00565BB6</string>
				<string>A41562D21A767D3A00565BB6</string>
			</array>
			<key>isa</key>
			<string>PBXResourcesBuildPhase</string>
			<key>runOnlyForDeploymentPostprocessing</key>
			<string>0</string>
		</dict>
		<key>A41562C01A767D3A00565BB6</key>
		<dict>
			<key>buildConfigurationList</key>
			<string>A41562E41A767D3A00565BB6</string>
			<key>buildPhases</key>
			<array>
				<string>ACFC06F36BE0DCC2F1C7608E</string>
				<string>A41562BD1A767D3A00565BB6</string>
				<string>A41562BE1A767D3A00565BB6</string>
				<string>A41562BF1A767D3A00565BB6</string>
				<string>39694B61F77E0C56C4211285</string>
			</array>
			<key>buildRules</key>
			<array/>
			<key>dependencies</key>
			<array/>
			<key>isa</key>
			<string>PBXNativeTarget</string>
			<key>name</key>
			<string>EVNTR</string>
			<key>productName</key>
			<string>EVNTR</string>
			<key>productReference</key>
			<string>A41562C11A767D3A00565BB6</string>
			<key>productType</key>
			<string>com.apple.product-type.application</string>
		</dict>
		<key>A41562C11A767D3A00565BB6</key>
		<dict>
			<key>explicitFileType</key>
			<string>wrapper.application</string>
			<key>includeInIndex</key>
			<string>0</string>
			<key>isa</key>
			<string>PBXFileReference</string>
			<key>path</key>
			<string>EVNTR.app</string>
			<key>sourceTree</key>
			<string>BUILT_PRODUCTS_DIR</string>
		</dict>
		<key>A41562C21A767D3A00565BB6</key>
		<dict>
			<key>children</key>
			<array>
				<string>A41562C11A767D3A00565BB6</string>
				<string>A41562DA1A767D3A00565BB6</string>
			</array>
			<key>isa</key>
			<string>PBXGroup</string>
			<key>name</key>
			<string>Products</string>
			<key>sourceTree</key>
			<string>&lt;group&gt;</string>
		</dict>
		<key>A41562C31A767D3A00565BB6</key>
		<dict>
			<key>children</key>
			<array>
				<string>A41562C81A767D3A00565BB6</string>
				<string>A41562C91A767D3A00565BB6</string>
				<string>A41562CE1A767D3A00565BB6</string>
				<string>A4594B1C1A77C0D600270ECE</string>
				<string>A4594B1D1A77C0D600270ECE</string>
				<string>A4B24D421A7709D200B4C3A6</string>
				<string>A4B24D431A7709D200B4C3A6</string>
				<string>A415634D1A76F35D00565BB6</string>
				<string>A415634E1A76F35D00565BB6</string>
				<string>A415634A1A76EF3A00565BB6</string>
				<string>A415634B1A76EF3A00565BB6</string>
				<string>A415633A1A768B9700565BB6</string>
				<string>A415633B1A768B9700565BB6</string>
				<string>A415633D1A769FDE00565BB6</string>
				<string>A415633E1A769FDE00565BB6</string>
				<string>A41563401A76ACC000565BB6</string>
				<string>A41563411A76ACC000565BB6</string>
				<string>A41563431A76E15100565BB6</string>
				<string>A41563441A76E15100565BB6</string>
				<string>A41563491A76EB9800565BB6</string>
				<string>A41562D11A767D3A00565BB6</string>
				<string>A41562D31A767D3A00565BB6</string>
				<string>A41562C41A767D3A00565BB6</string>
			</array>
			<key>isa</key>
			<string>PBXGroup</string>
			<key>path</key>
			<string>EVNTR</string>
			<key>sourceTree</key>
			<string>&lt;group&gt;</string>
		</dict>
		<key>A41562C41A767D3A00565BB6</key>
		<dict>
			<key>children</key>
			<array>
				<string>A41562C51A767D3A00565BB6</string>
				<string>A41562C61A767D3A00565BB6</string>
			</array>
			<key>isa</key>
			<string>PBXGroup</string>
			<key>name</key>
			<string>Supporting Files</string>
			<key>sourceTree</key>
			<string>&lt;group&gt;</string>
		</dict>
		<key>A41562C51A767D3A00565BB6</key>
		<dict>
			<key>isa</key>
			<string>PBXFileReference</string>
			<key>lastKnownFileType</key>
			<string>text.plist.xml</string>
			<key>path</key>
			<string>Info.plist</string>
			<key>sourceTree</key>
			<string>&lt;group&gt;</string>
		</dict>
		<key>A41562C61A767D3A00565BB6</key>
		<dict>
			<key>isa</key>
			<string>PBXFileReference</string>
			<key>lastKnownFileType</key>
			<string>sourcecode.c.objc</string>
			<key>path</key>
			<string>main.m</string>
			<key>sourceTree</key>
			<string>&lt;group&gt;</string>
		</dict>
		<key>A41562C71A767D3A00565BB6</key>
		<dict>
			<key>fileRef</key>
			<string>A41562C61A767D3A00565BB6</string>
			<key>isa</key>
			<string>PBXBuildFile</string>
		</dict>
		<key>A41562C81A767D3A00565BB6</key>
		<dict>
			<key>isa</key>
			<string>PBXFileReference</string>
			<key>lastKnownFileType</key>
			<string>sourcecode.c.h</string>
			<key>path</key>
			<string>AppDelegate.h</string>
			<key>sourceTree</key>
			<string>&lt;group&gt;</string>
		</dict>
		<key>A41562C91A767D3A00565BB6</key>
		<dict>
			<key>isa</key>
			<string>PBXFileReference</string>
			<key>lastKnownFileType</key>
			<string>sourcecode.c.objc</string>
			<key>path</key>
			<string>AppDelegate.m</string>
			<key>sourceTree</key>
			<string>&lt;group&gt;</string>
		</dict>
		<key>A41562CA1A767D3A00565BB6</key>
		<dict>
			<key>fileRef</key>
			<string>A41562C91A767D3A00565BB6</string>
			<key>isa</key>
			<string>PBXBuildFile</string>
		</dict>
		<key>A41562CE1A767D3A00565BB6</key>
		<dict>
			<key>children</key>
			<array>
				<string>A41562CF1A767D3A00565BB6</string>
			</array>
			<key>isa</key>
			<string>PBXVariantGroup</string>
			<key>name</key>
			<string>Main.storyboard</string>
			<key>sourceTree</key>
			<string>&lt;group&gt;</string>
		</dict>
		<key>A41562CF1A767D3A00565BB6</key>
		<dict>
			<key>isa</key>
			<string>PBXFileReference</string>
			<key>lastKnownFileType</key>
			<string>file.storyboard</string>
			<key>name</key>
			<string>Base</string>
			<key>path</key>
			<string>Base.lproj/Main.storyboard</string>
			<key>sourceTree</key>
			<string>&lt;group&gt;</string>
		</dict>
		<key>A41562D01A767D3A00565BB6</key>
		<dict>
			<key>fileRef</key>
			<string>A41562CE1A767D3A00565BB6</string>
			<key>isa</key>
			<string>PBXBuildFile</string>
		</dict>
		<key>A41562D11A767D3A00565BB6</key>
		<dict>
			<key>isa</key>
			<string>PBXFileReference</string>
			<key>lastKnownFileType</key>
			<string>folder.assetcatalog</string>
			<key>path</key>
			<string>Images.xcassets</string>
			<key>sourceTree</key>
			<string>&lt;group&gt;</string>
		</dict>
		<key>A41562D21A767D3A00565BB6</key>
		<dict>
			<key>fileRef</key>
			<string>A41562D11A767D3A00565BB6</string>
			<key>isa</key>
			<string>PBXBuildFile</string>
		</dict>
		<key>A41562D31A767D3A00565BB6</key>
		<dict>
			<key>children</key>
			<array>
				<string>A41562D41A767D3A00565BB6</string>
			</array>
			<key>isa</key>
			<string>PBXVariantGroup</string>
			<key>name</key>
			<string>LaunchScreen.xib</string>
			<key>sourceTree</key>
			<string>&lt;group&gt;</string>
		</dict>
		<key>A41562D41A767D3A00565BB6</key>
		<dict>
			<key>isa</key>
			<string>PBXFileReference</string>
			<key>lastKnownFileType</key>
			<string>file.xib</string>
			<key>name</key>
			<string>Base</string>
			<key>path</key>
			<string>Base.lproj/LaunchScreen.xib</string>
			<key>sourceTree</key>
			<string>&lt;group&gt;</string>
		</dict>
		<key>A41562D51A767D3A00565BB6</key>
		<dict>
			<key>fileRef</key>
			<string>A41562D31A767D3A00565BB6</string>
			<key>isa</key>
			<string>PBXBuildFile</string>
		</dict>
		<key>A41562D61A767D3A00565BB6</key>
		<dict>
			<key>buildActionMask</key>
			<string>2147483647</string>
			<key>files</key>
			<array>
				<string>A41562E11A767D3A00565BB6</string>
			</array>
			<key>isa</key>
			<string>PBXSourcesBuildPhase</string>
			<key>runOnlyForDeploymentPostprocessing</key>
			<string>0</string>
		</dict>
		<key>A41562D71A767D3A00565BB6</key>
		<dict>
			<key>buildActionMask</key>
			<string>2147483647</string>
			<key>files</key>
			<array/>
			<key>isa</key>
			<string>PBXFrameworksBuildPhase</string>
			<key>runOnlyForDeploymentPostprocessing</key>
			<string>0</string>
		</dict>
		<key>A41562D81A767D3A00565BB6</key>
		<dict>
			<key>buildActionMask</key>
			<string>2147483647</string>
			<key>files</key>
			<array/>
			<key>isa</key>
			<string>PBXResourcesBuildPhase</string>
			<key>runOnlyForDeploymentPostprocessing</key>
			<string>0</string>
		</dict>
		<key>A41562D91A767D3A00565BB6</key>
		<dict>
			<key>buildConfigurationList</key>
			<string>A41562E71A767D3A00565BB6</string>
			<key>buildPhases</key>
			<array>
				<string>A41562D61A767D3A00565BB6</string>
				<string>A41562D71A767D3A00565BB6</string>
				<string>A41562D81A767D3A00565BB6</string>
			</array>
			<key>buildRules</key>
			<array/>
			<key>dependencies</key>
			<array>
				<string>A41562DC1A767D3A00565BB6</string>
			</array>
			<key>isa</key>
			<string>PBXNativeTarget</string>
			<key>name</key>
			<string>EVNTRTests</string>
			<key>productName</key>
			<string>EVNTRTests</string>
			<key>productReference</key>
			<string>A41562DA1A767D3A00565BB6</string>
			<key>productType</key>
			<string>com.apple.product-type.bundle.unit-test</string>
		</dict>
		<key>A41562DA1A767D3A00565BB6</key>
		<dict>
			<key>explicitFileType</key>
			<string>wrapper.cfbundle</string>
			<key>includeInIndex</key>
			<string>0</string>
			<key>isa</key>
			<string>PBXFileReference</string>
			<key>path</key>
			<string>EVNTRTests.xctest</string>
			<key>sourceTree</key>
			<string>BUILT_PRODUCTS_DIR</string>
		</dict>
		<key>A41562DB1A767D3A00565BB6</key>
		<dict>
			<key>containerPortal</key>
			<string>A41562B91A767D3A00565BB6</string>
			<key>isa</key>
			<string>PBXContainerItemProxy</string>
			<key>proxyType</key>
			<string>1</string>
			<key>remoteGlobalIDString</key>
			<string>A41562C01A767D3A00565BB6</string>
			<key>remoteInfo</key>
			<string>EVNTR</string>
		</dict>
		<key>A41562DC1A767D3A00565BB6</key>
		<dict>
			<key>isa</key>
			<string>PBXTargetDependency</string>
			<key>target</key>
			<string>A41562C01A767D3A00565BB6</string>
			<key>targetProxy</key>
			<string>A41562DB1A767D3A00565BB6</string>
		</dict>
		<key>A41562DD1A767D3A00565BB6</key>
		<dict>
			<key>children</key>
			<array>
				<string>A41562E01A767D3A00565BB6</string>
				<string>A41562DE1A767D3A00565BB6</string>
			</array>
			<key>isa</key>
			<string>PBXGroup</string>
			<key>path</key>
			<string>EVNTRTests</string>
			<key>sourceTree</key>
			<string>&lt;group&gt;</string>
		</dict>
		<key>A41562DE1A767D3A00565BB6</key>
		<dict>
			<key>children</key>
			<array>
				<string>A41562DF1A767D3A00565BB6</string>
			</array>
			<key>isa</key>
			<string>PBXGroup</string>
			<key>name</key>
			<string>Supporting Files</string>
			<key>sourceTree</key>
			<string>&lt;group&gt;</string>
		</dict>
		<key>A41562DF1A767D3A00565BB6</key>
		<dict>
			<key>isa</key>
			<string>PBXFileReference</string>
			<key>lastKnownFileType</key>
			<string>text.plist.xml</string>
			<key>path</key>
			<string>Info.plist</string>
			<key>sourceTree</key>
			<string>&lt;group&gt;</string>
		</dict>
		<key>A41562E01A767D3A00565BB6</key>
		<dict>
			<key>isa</key>
			<string>PBXFileReference</string>
			<key>lastKnownFileType</key>
			<string>sourcecode.c.objc</string>
			<key>path</key>
			<string>EVNTRTests.m</string>
			<key>sourceTree</key>
			<string>&lt;group&gt;</string>
		</dict>
		<key>A41562E11A767D3A00565BB6</key>
		<dict>
			<key>fileRef</key>
			<string>A41562E01A767D3A00565BB6</string>
			<key>isa</key>
			<string>PBXBuildFile</string>
		</dict>
		<key>A41562E21A767D3A00565BB6</key>
		<dict>
			<key>buildSettings</key>
			<dict>
				<key>ALWAYS_SEARCH_USER_PATHS</key>
				<string>NO</string>
				<key>CLANG_CXX_LANGUAGE_STANDARD</key>
				<string>gnu++0x</string>
				<key>CLANG_CXX_LIBRARY</key>
				<string>libc++</string>
				<key>CLANG_ENABLE_MODULES</key>
				<string>YES</string>
				<key>CLANG_ENABLE_OBJC_ARC</key>
				<string>YES</string>
				<key>CLANG_WARN_BOOL_CONVERSION</key>
				<string>YES</string>
				<key>CLANG_WARN_CONSTANT_CONVERSION</key>
				<string>YES</string>
				<key>CLANG_WARN_DIRECT_OBJC_ISA_USAGE</key>
				<string>YES_ERROR</string>
				<key>CLANG_WARN_EMPTY_BODY</key>
				<string>YES</string>
				<key>CLANG_WARN_ENUM_CONVERSION</key>
				<string>YES</string>
				<key>CLANG_WARN_INT_CONVERSION</key>
				<string>YES</string>
				<key>CLANG_WARN_OBJC_ROOT_CLASS</key>
				<string>YES_ERROR</string>
				<key>CLANG_WARN_UNREACHABLE_CODE</key>
				<string>YES</string>
				<key>CLANG_WARN__DUPLICATE_METHOD_MATCH</key>
				<string>YES</string>
				<key>CODE_SIGN_IDENTITY[sdk=iphoneos*]</key>
				<string>iPhone Developer</string>
				<key>COPY_PHASE_STRIP</key>
				<string>NO</string>
				<key>ENABLE_STRICT_OBJC_MSGSEND</key>
				<string>YES</string>
				<key>GCC_C_LANGUAGE_STANDARD</key>
				<string>gnu99</string>
				<key>GCC_DYNAMIC_NO_PIC</key>
				<string>NO</string>
				<key>GCC_OPTIMIZATION_LEVEL</key>
				<string>0</string>
				<key>GCC_PREPROCESSOR_DEFINITIONS</key>
				<array>
					<string>DEBUG=1</string>
					<string>$(inherited)</string>
				</array>
				<key>GCC_SYMBOLS_PRIVATE_EXTERN</key>
				<string>NO</string>
				<key>GCC_WARN_64_TO_32_BIT_CONVERSION</key>
				<string>YES</string>
				<key>GCC_WARN_ABOUT_RETURN_TYPE</key>
				<string>YES_ERROR</string>
				<key>GCC_WARN_UNDECLARED_SELECTOR</key>
				<string>YES</string>
				<key>GCC_WARN_UNINITIALIZED_AUTOS</key>
				<string>YES_AGGRESSIVE</string>
				<key>GCC_WARN_UNUSED_FUNCTION</key>
				<string>YES</string>
				<key>GCC_WARN_UNUSED_VARIABLE</key>
				<string>YES</string>
				<key>IPHONEOS_DEPLOYMENT_TARGET</key>
				<string>8.1</string>
				<key>MTL_ENABLE_DEBUG_INFO</key>
				<string>YES</string>
				<key>ONLY_ACTIVE_ARCH</key>
				<string>YES</string>
				<key>SDKROOT</key>
				<string>iphoneos</string>
			</dict>
			<key>isa</key>
			<string>XCBuildConfiguration</string>
			<key>name</key>
			<string>Debug</string>
		</dict>
		<key>A41562E31A767D3A00565BB6</key>
		<dict>
			<key>buildSettings</key>
			<dict>
				<key>ALWAYS_SEARCH_USER_PATHS</key>
				<string>NO</string>
				<key>CLANG_CXX_LANGUAGE_STANDARD</key>
				<string>gnu++0x</string>
				<key>CLANG_CXX_LIBRARY</key>
				<string>libc++</string>
				<key>CLANG_ENABLE_MODULES</key>
				<string>YES</string>
				<key>CLANG_ENABLE_OBJC_ARC</key>
				<string>YES</string>
				<key>CLANG_WARN_BOOL_CONVERSION</key>
				<string>YES</string>
				<key>CLANG_WARN_CONSTANT_CONVERSION</key>
				<string>YES</string>
				<key>CLANG_WARN_DIRECT_OBJC_ISA_USAGE</key>
				<string>YES_ERROR</string>
				<key>CLANG_WARN_EMPTY_BODY</key>
				<string>YES</string>
				<key>CLANG_WARN_ENUM_CONVERSION</key>
				<string>YES</string>
				<key>CLANG_WARN_INT_CONVERSION</key>
				<string>YES</string>
				<key>CLANG_WARN_OBJC_ROOT_CLASS</key>
				<string>YES_ERROR</string>
				<key>CLANG_WARN_UNREACHABLE_CODE</key>
				<string>YES</string>
				<key>CLANG_WARN__DUPLICATE_METHOD_MATCH</key>
				<string>YES</string>
				<key>CODE_SIGN_IDENTITY[sdk=iphoneos*]</key>
				<string>iPhone Developer</string>
				<key>COPY_PHASE_STRIP</key>
				<string>YES</string>
				<key>ENABLE_NS_ASSERTIONS</key>
				<string>NO</string>
				<key>ENABLE_STRICT_OBJC_MSGSEND</key>
				<string>YES</string>
				<key>GCC_C_LANGUAGE_STANDARD</key>
				<string>gnu99</string>
				<key>GCC_WARN_64_TO_32_BIT_CONVERSION</key>
				<string>YES</string>
				<key>GCC_WARN_ABOUT_RETURN_TYPE</key>
				<string>YES_ERROR</string>
				<key>GCC_WARN_UNDECLARED_SELECTOR</key>
				<string>YES</string>
				<key>GCC_WARN_UNINITIALIZED_AUTOS</key>
				<string>YES_AGGRESSIVE</string>
				<key>GCC_WARN_UNUSED_FUNCTION</key>
				<string>YES</string>
				<key>GCC_WARN_UNUSED_VARIABLE</key>
				<string>YES</string>
				<key>IPHONEOS_DEPLOYMENT_TARGET</key>
				<string>8.1</string>
				<key>MTL_ENABLE_DEBUG_INFO</key>
				<string>NO</string>
				<key>SDKROOT</key>
				<string>iphoneos</string>
				<key>VALIDATE_PRODUCT</key>
				<string>YES</string>
			</dict>
			<key>isa</key>
			<string>XCBuildConfiguration</string>
			<key>name</key>
			<string>Release</string>
		</dict>
		<key>A41562E41A767D3A00565BB6</key>
		<dict>
			<key>buildConfigurations</key>
			<array>
				<string>A41562E51A767D3A00565BB6</string>
				<string>A41562E61A767D3A00565BB6</string>
			</array>
			<key>defaultConfigurationIsVisible</key>
			<string>0</string>
			<key>defaultConfigurationName</key>
			<string>Release</string>
			<key>isa</key>
			<string>XCConfigurationList</string>
		</dict>
		<key>A41562E51A767D3A00565BB6</key>
		<dict>
			<key>baseConfigurationReference</key>
			<string>7849B0C69BB41BF71F684B9A</string>
			<key>buildSettings</key>
			<dict>
				<key>ASSETCATALOG_COMPILER_APPICON_NAME</key>
				<string>AppIcon</string>
				<key>FRAMEWORK_SEARCH_PATHS</key>
				<array>
					<string>$(inherited)</string>
					<string>$(PROJECT_DIR)/EVNTR</string>
				</array>
				<key>INFOPLIST_FILE</key>
				<string>EVNTR/Info.plist</string>
				<key>LD_RUNPATH_SEARCH_PATHS</key>
				<string>$(inherited) @executable_path/Frameworks</string>
				<key>PRODUCT_NAME</key>
				<string>$(TARGET_NAME)</string>
			</dict>
			<key>isa</key>
			<string>XCBuildConfiguration</string>
			<key>name</key>
			<string>Debug</string>
		</dict>
		<key>A41562E61A767D3A00565BB6</key>
		<dict>
			<key>baseConfigurationReference</key>
			<string>B254BB2D53C04CCE8AB5A6A5</string>
			<key>buildSettings</key>
			<dict>
				<key>ASSETCATALOG_COMPILER_APPICON_NAME</key>
				<string>AppIcon</string>
				<key>FRAMEWORK_SEARCH_PATHS</key>
				<array>
					<string>$(inherited)</string>
					<string>$(PROJECT_DIR)/EVNTR</string>
				</array>
				<key>INFOPLIST_FILE</key>
				<string>EVNTR/Info.plist</string>
				<key>LD_RUNPATH_SEARCH_PATHS</key>
				<string>$(inherited) @executable_path/Frameworks</string>
				<key>PRODUCT_NAME</key>
				<string>$(TARGET_NAME)</string>
			</dict>
			<key>isa</key>
			<string>XCBuildConfiguration</string>
			<key>name</key>
			<string>Release</string>
		</dict>
		<key>A41562E71A767D3A00565BB6</key>
		<dict>
			<key>buildConfigurations</key>
			<array>
				<string>A41562E81A767D3A00565BB6</string>
				<string>A41562E91A767D3A00565BB6</string>
			</array>
			<key>defaultConfigurationIsVisible</key>
			<string>0</string>
			<key>defaultConfigurationName</key>
			<string>Release</string>
			<key>isa</key>
			<string>XCConfigurationList</string>
		</dict>
		<key>A41562E81A767D3A00565BB6</key>
		<dict>
			<key>buildSettings</key>
			<dict>
				<key>BUNDLE_LOADER</key>
				<string>$(TEST_HOST)</string>
				<key>FRAMEWORK_SEARCH_PATHS</key>
				<array>
					<string>$(SDKROOT)/Developer/Library/Frameworks</string>
					<string>$(inherited)</string>
				</array>
				<key>GCC_PREPROCESSOR_DEFINITIONS</key>
				<array>
					<string>DEBUG=1</string>
					<string>$(inherited)</string>
				</array>
				<key>INFOPLIST_FILE</key>
				<string>EVNTRTests/Info.plist</string>
				<key>LD_RUNPATH_SEARCH_PATHS</key>
				<string>$(inherited) @executable_path/Frameworks @loader_path/Frameworks</string>
				<key>PRODUCT_NAME</key>
				<string>$(TARGET_NAME)</string>
				<key>TEST_HOST</key>
				<string>$(BUILT_PRODUCTS_DIR)/EVNTR.app/EVNTR</string>
			</dict>
			<key>isa</key>
			<string>XCBuildConfiguration</string>
			<key>name</key>
			<string>Debug</string>
		</dict>
		<key>A41562E91A767D3A00565BB6</key>
		<dict>
			<key>buildSettings</key>
			<dict>
				<key>BUNDLE_LOADER</key>
				<string>$(TEST_HOST)</string>
				<key>FRAMEWORK_SEARCH_PATHS</key>
				<array>
					<string>$(SDKROOT)/Developer/Library/Frameworks</string>
					<string>$(inherited)</string>
				</array>
				<key>INFOPLIST_FILE</key>
				<string>EVNTRTests/Info.plist</string>
				<key>LD_RUNPATH_SEARCH_PATHS</key>
				<string>$(inherited) @executable_path/Frameworks @loader_path/Frameworks</string>
				<key>PRODUCT_NAME</key>
				<string>$(TARGET_NAME)</string>
				<key>TEST_HOST</key>
				<string>$(BUILT_PRODUCTS_DIR)/EVNTR.app/EVNTR</string>
			</dict>
			<key>isa</key>
			<string>XCBuildConfiguration</string>
			<key>name</key>
			<string>Release</string>
		</dict>
		<key>A415631F1A76885400565BB6</key>
		<dict>
			<key>isa</key>
			<string>PBXFileReference</string>
			<key>lastKnownFileType</key>
			<string>wrapper.framework</string>
			<key>path</key>
			<string>Bolts.framework</string>
			<key>sourceTree</key>
			<string>&lt;group&gt;</string>
		</dict>
		<key>A41563201A76885400565BB6</key>
		<dict>
			<key>isa</key>
			<string>PBXFileReference</string>
			<key>lastKnownFileType</key>
			<string>wrapper.framework</string>
			<key>path</key>
			<string>Parse.framework</string>
			<key>sourceTree</key>
			<string>&lt;group&gt;</string>
		</dict>
		<key>A41563211A76885400565BB6</key>
		<dict>
			<key>fileRef</key>
			<string>A415631F1A76885400565BB6</string>
			<key>isa</key>
			<string>PBXBuildFile</string>
		</dict>
		<key>A41563221A76885500565BB6</key>
		<dict>
			<key>fileRef</key>
			<string>A41563201A76885400565BB6</string>
			<key>isa</key>
			<string>PBXBuildFile</string>
		</dict>
		<key>A41563231A7688BB00565BB6</key>
		<dict>
			<key>isa</key>
			<string>PBXFileReference</string>
			<key>lastKnownFileType</key>
			<string>wrapper.framework</string>
			<key>name</key>
			<string>AudioToolbox.framework</string>
			<key>path</key>
			<string>System/Library/Frameworks/AudioToolbox.framework</string>
			<key>sourceTree</key>
			<string>SDKROOT</string>
		</dict>
		<key>A41563241A7688BB00565BB6</key>
		<dict>
			<key>fileRef</key>
			<string>A41563231A7688BB00565BB6</string>
			<key>isa</key>
			<string>PBXBuildFile</string>
		</dict>
		<key>A41563251A7688C300565BB6</key>
		<dict>
			<key>isa</key>
			<string>PBXFileReference</string>
			<key>lastKnownFileType</key>
			<string>wrapper.framework</string>
			<key>name</key>
			<string>CFNetwork.framework</string>
			<key>path</key>
			<string>System/Library/Frameworks/CFNetwork.framework</string>
			<key>sourceTree</key>
			<string>SDKROOT</string>
		</dict>
		<key>A41563261A7688C300565BB6</key>
		<dict>
			<key>fileRef</key>
			<string>A41563251A7688C300565BB6</string>
			<key>isa</key>
			<string>PBXBuildFile</string>
		</dict>
		<key>A41563271A7688CC00565BB6</key>
		<dict>
			<key>isa</key>
			<string>PBXFileReference</string>
			<key>lastKnownFileType</key>
			<string>wrapper.framework</string>
			<key>name</key>
			<string>CoreGraphics.framework</string>
			<key>path</key>
			<string>System/Library/Frameworks/CoreGraphics.framework</string>
			<key>sourceTree</key>
			<string>SDKROOT</string>
		</dict>
		<key>A41563281A7688CC00565BB6</key>
		<dict>
			<key>fileRef</key>
			<string>A41563271A7688CC00565BB6</string>
			<key>isa</key>
			<string>PBXBuildFile</string>
		</dict>
		<key>A41563291A7688D300565BB6</key>
		<dict>
			<key>isa</key>
			<string>PBXFileReference</string>
			<key>lastKnownFileType</key>
			<string>wrapper.framework</string>
			<key>name</key>
			<string>CoreLocation.framework</string>
			<key>path</key>
			<string>System/Library/Frameworks/CoreLocation.framework</string>
			<key>sourceTree</key>
			<string>SDKROOT</string>
		</dict>
		<key>A415632A1A7688D300565BB6</key>
		<dict>
			<key>fileRef</key>
			<string>A41563291A7688D300565BB6</string>
			<key>isa</key>
			<string>PBXBuildFile</string>
		</dict>
		<key>A415632B1A7688DB00565BB6</key>
		<dict>
			<key>isa</key>
			<string>PBXFileReference</string>
			<key>lastKnownFileType</key>
			<string>wrapper.framework</string>
			<key>name</key>
			<string>MobileCoreServices.framework</string>
			<key>path</key>
			<string>System/Library/Frameworks/MobileCoreServices.framework</string>
			<key>sourceTree</key>
			<string>SDKROOT</string>
		</dict>
		<key>A415632C1A7688DB00565BB6</key>
		<dict>
			<key>fileRef</key>
			<string>A415632B1A7688DB00565BB6</string>
			<key>isa</key>
			<string>PBXBuildFile</string>
		</dict>
		<key>A415632D1A7688E200565BB6</key>
		<dict>
			<key>isa</key>
			<string>PBXFileReference</string>
			<key>lastKnownFileType</key>
			<string>wrapper.framework</string>
			<key>name</key>
			<string>QuartzCore.framework</string>
			<key>path</key>
			<string>System/Library/Frameworks/QuartzCore.framework</string>
			<key>sourceTree</key>
			<string>SDKROOT</string>
		</dict>
		<key>A415632E1A7688E200565BB6</key>
		<dict>
			<key>fileRef</key>
			<string>A415632D1A7688E200565BB6</string>
			<key>isa</key>
			<string>PBXBuildFile</string>
		</dict>
		<key>A415632F1A7688E900565BB6</key>
		<dict>
			<key>isa</key>
			<string>PBXFileReference</string>
			<key>lastKnownFileType</key>
			<string>wrapper.framework</string>
			<key>name</key>
			<string>Security.framework</string>
			<key>path</key>
			<string>System/Library/Frameworks/Security.framework</string>
			<key>sourceTree</key>
			<string>SDKROOT</string>
		</dict>
		<key>A41563301A7688E900565BB6</key>
		<dict>
			<key>fileRef</key>
			<string>A415632F1A7688E900565BB6</string>
			<key>isa</key>
			<string>PBXBuildFile</string>
		</dict>
		<key>A41563311A7688F000565BB6</key>
		<dict>
			<key>isa</key>
			<string>PBXFileReference</string>
			<key>lastKnownFileType</key>
			<string>wrapper.framework</string>
			<key>name</key>
			<string>StoreKit.framework</string>
			<key>path</key>
			<string>System/Library/Frameworks/StoreKit.framework</string>
			<key>sourceTree</key>
			<string>SDKROOT</string>
		</dict>
		<key>A41563321A7688F000565BB6</key>
		<dict>
			<key>fileRef</key>
			<string>A41563311A7688F000565BB6</string>
			<key>isa</key>
			<string>PBXBuildFile</string>
		</dict>
		<key>A41563331A7688F800565BB6</key>
		<dict>
			<key>isa</key>
			<string>PBXFileReference</string>
			<key>lastKnownFileType</key>
			<string>wrapper.framework</string>
			<key>name</key>
			<string>SystemConfiguration.framework</string>
			<key>path</key>
			<string>System/Library/Frameworks/SystemConfiguration.framework</string>
			<key>sourceTree</key>
			<string>SDKROOT</string>
		</dict>
		<key>A41563341A7688F800565BB6</key>
		<dict>
			<key>fileRef</key>
			<string>A41563331A7688F800565BB6</string>
			<key>isa</key>
			<string>PBXBuildFile</string>
		</dict>
		<key>A41563351A76890200565BB6</key>
		<dict>
			<key>isa</key>
			<string>PBXFileReference</string>
			<key>lastKnownFileType</key>
			<string>compiled.mach-o.dylib</string>
			<key>name</key>
			<string>libz.dylib</string>
			<key>path</key>
			<string>usr/lib/libz.dylib</string>
			<key>sourceTree</key>
			<string>SDKROOT</string>
		</dict>
		<key>A41563361A76890200565BB6</key>
		<dict>
			<key>fileRef</key>
			<string>A41563351A76890200565BB6</string>
			<key>isa</key>
			<string>PBXBuildFile</string>
		</dict>
		<key>A41563371A76890E00565BB6</key>
		<dict>
			<key>isa</key>
			<string>PBXFileReference</string>
			<key>lastKnownFileType</key>
			<string>compiled.mach-o.dylib</string>
			<key>name</key>
			<string>libsqlite3.dylib</string>
			<key>path</key>
			<string>usr/lib/libsqlite3.dylib</string>
			<key>sourceTree</key>
			<string>SDKROOT</string>
		</dict>
		<key>A41563381A76890E00565BB6</key>
		<dict>
			<key>fileRef</key>
			<string>A41563371A76890E00565BB6</string>
			<key>isa</key>
			<string>PBXBuildFile</string>
		</dict>
		<key>A41563391A768AC700565BB6</key>
		<dict>
			<key>children</key>
			<array>
				<string>A41563371A76890E00565BB6</string>
				<string>A41563351A76890200565BB6</string>
				<string>A41563331A7688F800565BB6</string>
				<string>A41563311A7688F000565BB6</string>
				<string>A415632F1A7688E900565BB6</string>
				<string>A415632D1A7688E200565BB6</string>
				<string>A415632B1A7688DB00565BB6</string>
				<string>A41563291A7688D300565BB6</string>
				<string>A41563271A7688CC00565BB6</string>
				<string>A41563251A7688C300565BB6</string>
				<string>A41563231A7688BB00565BB6</string>
				<string>A415631F1A76885400565BB6</string>
				<string>A41563201A76885400565BB6</string>
				<string>03201FC6C3ADFB4B5DF4DC9C</string>
			</array>
			<key>isa</key>
			<string>PBXGroup</string>
			<key>name</key>
			<string>Frameworks</string>
			<key>path</key>
			<string>EVNTR</string>
			<key>sourceTree</key>
			<string>&lt;group&gt;</string>
		</dict>
		<key>A415633A1A768B9700565BB6</key>
		<dict>
			<key>fileEncoding</key>
			<string>4</string>
			<key>isa</key>
			<string>PBXFileReference</string>
			<key>lastKnownFileType</key>
			<string>sourcecode.c.h</string>
			<key>path</key>
			<string>HomeScreenVC.h</string>
			<key>sourceTree</key>
			<string>&lt;group&gt;</string>
		</dict>
		<key>A415633B1A768B9700565BB6</key>
		<dict>
			<key>fileEncoding</key>
			<string>4</string>
			<key>isa</key>
			<string>PBXFileReference</string>
			<key>lastKnownFileType</key>
			<string>sourcecode.c.objc</string>
			<key>path</key>
			<string>HomeScreenVC.m</string>
			<key>sourceTree</key>
			<string>&lt;group&gt;</string>
		</dict>
		<key>A415633C1A768B9700565BB6</key>
		<dict>
			<key>fileRef</key>
			<string>A415633B1A768B9700565BB6</string>
			<key>isa</key>
			<string>PBXBuildFile</string>
		</dict>
		<key>A415633D1A769FDE00565BB6</key>
		<dict>
			<key>fileEncoding</key>
			<string>4</string>
			<key>isa</key>
			<string>PBXFileReference</string>
			<key>lastKnownFileType</key>
			<string>sourcecode.c.h</string>
			<key>path</key>
			<string>SignUpVC.h</string>
			<key>sourceTree</key>
			<string>&lt;group&gt;</string>
		</dict>
		<key>A415633E1A769FDE00565BB6</key>
		<dict>
			<key>fileEncoding</key>
			<string>4</string>
			<key>isa</key>
			<string>PBXFileReference</string>
			<key>lastKnownFileType</key>
			<string>sourcecode.c.objc</string>
			<key>path</key>
			<string>SignUpVC.m</string>
			<key>sourceTree</key>
			<string>&lt;group&gt;</string>
		</dict>
		<key>A415633F1A769FDE00565BB6</key>
		<dict>
			<key>fileRef</key>
			<string>A415633E1A769FDE00565BB6</string>
			<key>isa</key>
			<string>PBXBuildFile</string>
		</dict>
		<key>A41563401A76ACC000565BB6</key>
		<dict>
			<key>fileEncoding</key>
			<string>4</string>
			<key>isa</key>
			<string>PBXFileReference</string>
			<key>lastKnownFileType</key>
			<string>sourcecode.c.h</string>
			<key>path</key>
			<string>LogInVC.h</string>
			<key>sourceTree</key>
			<string>&lt;group&gt;</string>
		</dict>
		<key>A41563411A76ACC000565BB6</key>
		<dict>
			<key>fileEncoding</key>
			<string>4</string>
			<key>isa</key>
			<string>PBXFileReference</string>
			<key>lastKnownFileType</key>
			<string>sourcecode.c.objc</string>
			<key>path</key>
			<string>LogInVC.m</string>
			<key>sourceTree</key>
			<string>&lt;group&gt;</string>
		</dict>
		<key>A41563421A76ACC000565BB6</key>
		<dict>
			<key>fileRef</key>
			<string>A41563411A76ACC000565BB6</string>
			<key>isa</key>
			<string>PBXBuildFile</string>
		</dict>
		<key>A41563431A76E15100565BB6</key>
		<dict>
			<key>fileEncoding</key>
			<string>4</string>
			<key>isa</key>
			<string>PBXFileReference</string>
			<key>lastKnownFileType</key>
			<string>sourcecode.c.h</string>
			<key>path</key>
			<string>EventAddVC.h</string>
			<key>sourceTree</key>
			<string>&lt;group&gt;</string>
		</dict>
		<key>A41563441A76E15100565BB6</key>
		<dict>
			<key>fileEncoding</key>
			<string>4</string>
			<key>isa</key>
			<string>PBXFileReference</string>
			<key>lastKnownFileType</key>
			<string>sourcecode.c.objc</string>
			<key>path</key>
			<string>EventAddVC.m</string>
			<key>sourceTree</key>
			<string>&lt;group&gt;</string>
		</dict>
		<key>A41563451A76E15100565BB6</key>
		<dict>
			<key>fileRef</key>
			<string>A41563441A76E15100565BB6</string>
			<key>isa</key>
			<string>PBXBuildFile</string>
		</dict>
		<key>A41563461A76EB8E00565BB6</key>
		<dict>
			<key>fileEncoding</key>
			<string>4</string>
			<key>isa</key>
			<string>PBXFileReference</string>
			<key>lastKnownFileType</key>
			<string>sourcecode.c.h</string>
			<key>path</key>
			<string>SWRevealViewController.h</string>
			<key>sourceTree</key>
			<string>&lt;group&gt;</string>
		</dict>
		<key>A41563471A76EB8E00565BB6</key>
		<dict>
			<key>fileEncoding</key>
			<string>4</string>
			<key>isa</key>
			<string>PBXFileReference</string>
			<key>lastKnownFileType</key>
			<string>sourcecode.c.objc</string>
			<key>path</key>
			<string>SWRevealViewController.m</string>
			<key>sourceTree</key>
			<string>&lt;group&gt;</string>
		</dict>
		<key>A41563481A76EB8E00565BB6</key>
		<dict>
			<key>fileRef</key>
			<string>A41563471A76EB8E00565BB6</string>
			<key>isa</key>
			<string>PBXBuildFile</string>
		</dict>
		<key>A41563491A76EB9800565BB6</key>
		<dict>
			<key>children</key>
			<array>
				<string>A41563461A76EB8E00565BB6</string>
				<string>A41563471A76EB8E00565BB6</string>
			</array>
			<key>isa</key>
			<string>PBXGroup</string>
			<key>name</key>
			<string>SWRevealVC</string>
			<key>sourceTree</key>
			<string>&lt;group&gt;</string>
		</dict>
		<key>A415634A1A76EF3A00565BB6</key>
		<dict>
			<key>fileEncoding</key>
			<string>4</string>
			<key>isa</key>
			<string>PBXFileReference</string>
			<key>lastKnownFileType</key>
			<string>sourcecode.c.h</string>
			<key>path</key>
			<string>ProfileVC.h</string>
			<key>sourceTree</key>
			<string>&lt;group&gt;</string>
		</dict>
		<key>A415634B1A76EF3A00565BB6</key>
		<dict>
			<key>fileEncoding</key>
			<string>4</string>
			<key>isa</key>
			<string>PBXFileReference</string>
			<key>lastKnownFileType</key>
			<string>sourcecode.c.objc</string>
			<key>path</key>
			<string>ProfileVC.m</string>
			<key>sourceTree</key>
			<string>&lt;group&gt;</string>
		</dict>
		<key>A415634C1A76EF3A00565BB6</key>
		<dict>
			<key>fileRef</key>
			<string>A415634B1A76EF3A00565BB6</string>
			<key>isa</key>
			<string>PBXBuildFile</string>
		</dict>
		<key>A415634D1A76F35D00565BB6</key>
		<dict>
			<key>fileEncoding</key>
			<string>4</string>
			<key>isa</key>
			<string>PBXFileReference</string>
			<key>lastKnownFileType</key>
			<string>sourcecode.c.h</string>
			<key>path</key>
			<string>NavigationVC.h</string>
			<key>sourceTree</key>
			<string>&lt;group&gt;</string>
		</dict>
		<key>A415634E1A76F35D00565BB6</key>
		<dict>
			<key>fileEncoding</key>
			<string>4</string>
			<key>isa</key>
			<string>PBXFileReference</string>
			<key>lastKnownFileType</key>
			<string>sourcecode.c.objc</string>
			<key>path</key>
			<string>NavigationVC.m</string>
			<key>sourceTree</key>
			<string>&lt;group&gt;</string>
		</dict>
		<key>A415634F1A76F35D00565BB6</key>
		<dict>
			<key>fileRef</key>
			<string>A415634E1A76F35D00565BB6</string>
			<key>isa</key>
			<string>PBXBuildFile</string>
		</dict>
		<key>A4594B1C1A77C0D600270ECE</key>
		<dict>
			<key>fileEncoding</key>
			<string>4</string>
			<key>isa</key>
			<string>PBXFileReference</string>
			<key>lastKnownFileType</key>
			<string>sourcecode.c.h</string>
			<key>path</key>
			<string>TabBarVC.h</string>
			<key>sourceTree</key>
			<string>&lt;group&gt;</string>
		</dict>
		<key>A4594B1D1A77C0D600270ECE</key>
		<dict>
			<key>fileEncoding</key>
			<string>4</string>
			<key>isa</key>
			<string>PBXFileReference</string>
			<key>lastKnownFileType</key>
			<string>sourcecode.c.objc</string>
			<key>path</key>
			<string>TabBarVC.m</string>
			<key>sourceTree</key>
			<string>&lt;group&gt;</string>
		</dict>
		<key>A4594B1E1A77C0D600270ECE</key>
		<dict>
			<key>fileRef</key>
			<string>A4594B1D1A77C0D600270ECE</string>
			<key>isa</key>
			<string>PBXBuildFile</string>
		</dict>
		<key>A4B24D421A7709D200B4C3A6</key>
		<dict>
			<key>fileEncoding</key>
			<string>4</string>
			<key>isa</key>
			<string>PBXFileReference</string>
			<key>lastKnownFileType</key>
			<string>sourcecode.c.h</string>
			<key>path</key>
			<string>SettingsVC.h</string>
			<key>sourceTree</key>
			<string>&lt;group&gt;</string>
		</dict>
		<key>A4B24D431A7709D200B4C3A6</key>
		<dict>
			<key>fileEncoding</key>
			<string>4</string>
			<key>isa</key>
			<string>PBXFileReference</string>
			<key>lastKnownFileType</key>
			<string>sourcecode.c.objc</string>
			<key>path</key>
			<string>SettingsVC.m</string>
			<key>sourceTree</key>
			<string>&lt;group&gt;</string>
		</dict>
		<key>A4B24D441A7709D200B4C3A6</key>
		<dict>
			<key>fileRef</key>
			<string>A4B24D431A7709D200B4C3A6</string>
			<key>isa</key>
			<string>PBXBuildFile</string>
		</dict>
		<key>ACFC06F36BE0DCC2F1C7608E</key>
		<dict>
			<key>buildActionMask</key>
			<string>2147483647</string>
			<key>files</key>
			<array/>
			<key>inputPaths</key>
			<array/>
			<key>isa</key>
			<string>PBXShellScriptBuildPhase</string>
			<key>name</key>
			<string>Check Pods Manifest.lock</string>
			<key>outputPaths</key>
			<array/>
			<key>runOnlyForDeploymentPostprocessing</key>
			<string>0</string>
			<key>shellPath</key>
			<string>/bin/sh</string>
			<key>shellScript</key>
			<string>diff "${PODS_ROOT}/../Podfile.lock" "${PODS_ROOT}/Manifest.lock" &gt; /dev/null
if [[ $? != 0 ]] ; then
    cat &lt;&lt; EOM
error: The sandbox is not in sync with the Podfile.lock. Run 'pod install' or update your CocoaPods installation.
EOM
    exit 1
fi
</string>
			<key>showEnvVarsInLog</key>
			<string>0</string>
		</dict>
		<key>B254BB2D53C04CCE8AB5A6A5</key>
		<dict>
			<key>includeInIndex</key>
			<string>1</string>
			<key>isa</key>
			<string>PBXFileReference</string>
			<key>lastKnownFileType</key>
			<string>text.xcconfig</string>
			<key>name</key>
			<string>Pods-EVNTR.release.xcconfig</string>
			<key>path</key>
			<string>Pods/Target Support Files/Pods-EVNTR/Pods-EVNTR.release.xcconfig</string>
			<key>sourceTree</key>
			<string>&lt;group&gt;</string>
		</dict>
		<key>B967E3E0BCFFC29F3ADF2E25</key>
		<dict>
			<key>fileRef</key>
			<string>03201FC6C3ADFB4B5DF4DC9C</string>
			<key>isa</key>
			<string>PBXBuildFile</string>
		</dict>
		<key>BE83D09BF3E3905B16F38E01</key>
		<dict>
			<key>children</key>
			<array>
				<string>7849B0C69BB41BF71F684B9A</string>
				<string>B254BB2D53C04CCE8AB5A6A5</string>
			</array>
			<key>isa</key>
			<string>PBXGroup</string>
			<key>name</key>
			<string>Pods</string>
			<key>sourceTree</key>
			<string>&lt;group&gt;</string>
		</dict>
	</dict>
	<key>rootObject</key>
	<string>A41562B91A767D3A00565BB6</string>
</dict>
</plist>
