// !$*UTF8*$!
{
	archiveVersion = 1;
	classes = {
	};
	objectVersion = 46;
	objects = {

/* Begin PBXBuildFile section */
		A4035FD51A78534400DB67E4 /* ParseUI.framework in Frameworks */ = {isa = PBXBuildFile; fileRef = A4035FD41A78534400DB67E4 /* ParseUI.framework */; };
		A4035FD81A786ACF00DB67E4 /* EventTableCell.m in Sources */ = {isa = PBXBuildFile; fileRef = A4035FD71A786ACF00DB67E4 /* EventTableCell.m */; };
		A40443631B04D06200F36C6A /* EVNMapAnnotation.m in Sources */ = {isa = PBXBuildFile; fileRef = A40443621B04D06200F36C6A /* EVNMapAnnotation.m */; };
		A41352551A81B80200034222 /* ImageViewPFExtended.m in Sources */ = {isa = PBXBuildFile; fileRef = A41352541A81B80200034222 /* ImageViewPFExtended.m */; };
		A41562C71A767D3A00565BB6 /* main.m in Sources */ = {isa = PBXBuildFile; fileRef = A41562C61A767D3A00565BB6 /* main.m */; };
		A41562CA1A767D3A00565BB6 /* AppDelegate.m in Sources */ = {isa = PBXBuildFile; fileRef = A41562C91A767D3A00565BB6 /* AppDelegate.m */; };
		A41562D21A767D3A00565BB6 /* Images.xcassets in Resources */ = {isa = PBXBuildFile; fileRef = A41562D11A767D3A00565BB6 /* Images.xcassets */; };
		A41562E11A767D3A00565BB6 /* EVNTRTests.m in Sources */ = {isa = PBXBuildFile; fileRef = A41562E01A767D3A00565BB6 /* EVNTRTests.m */; };
		A41563211A76885400565BB6 /* Bolts.framework in Frameworks */ = {isa = PBXBuildFile; fileRef = A415631F1A76885400565BB6 /* Bolts.framework */; };
		A41563221A76885500565BB6 /* Parse.framework in Frameworks */ = {isa = PBXBuildFile; fileRef = A41563201A76885400565BB6 /* Parse.framework */; };
		A41563361A76890200565BB6 /* libz.dylib in Frameworks */ = {isa = PBXBuildFile; fileRef = A41563351A76890200565BB6 /* libz.dylib */; };
		A41563381A76890E00565BB6 /* libsqlite3.dylib in Frameworks */ = {isa = PBXBuildFile; fileRef = A41563371A76890E00565BB6 /* libsqlite3.dylib */; };
		A415633C1A768B9700565BB6 /* HomeScreenVC.m in Sources */ = {isa = PBXBuildFile; fileRef = A415633B1A768B9700565BB6 /* HomeScreenVC.m */; };
		A415633F1A769FDE00565BB6 /* SignUpVC.m in Sources */ = {isa = PBXBuildFile; fileRef = A415633E1A769FDE00565BB6 /* SignUpVC.m */; };
		A41563421A76ACC000565BB6 /* LogInVC.m in Sources */ = {isa = PBXBuildFile; fileRef = A41563411A76ACC000565BB6 /* LogInVC.m */; };
		A415634C1A76EF3A00565BB6 /* ProfileVC.m in Sources */ = {isa = PBXBuildFile; fileRef = A415634B1A76EF3A00565BB6 /* ProfileVC.m */; };
		A418129B1AA0BFA200317B0C /* GuestWelcomeVC.m in Sources */ = {isa = PBXBuildFile; fileRef = A418129A1AA0BFA200317B0C /* GuestWelcomeVC.m */; };
		A41B2A131ABCBE3F00F7CE44 /* SignUpTabVC.m in Sources */ = {isa = PBXBuildFile; fileRef = A41B2A121ABCBE3F00F7CE44 /* SignUpTabVC.m */; };
		A423F7EB1A9B8DC100DF9ABE /* NSDate+NVTimeAgo.m in Sources */ = {isa = PBXBuildFile; fileRef = A423F7EA1A9B8DC100DF9ABE /* NSDate+NVTimeAgo.m */; };
		A423F7EE1A9BC46600DF9ABE /* EVNButtonExtended.m in Sources */ = {isa = PBXBuildFile; fileRef = A423F7ED1A9BC46600DF9ABE /* EVNButtonExtended.m */; };
		A423F7F21A9BFF0900DF9ABE /* SearchVC.m in Sources */ = {isa = PBXBuildFile; fileRef = A423F7F11A9BFF0900DF9ABE /* SearchVC.m */; };
		A424B3701B3C3822004562CA /* EVNInviteContainerVC.m in Sources */ = {isa = PBXBuildFile; fileRef = A424B36F1B3C3822004562CA /* EVNInviteContainerVC.m */; };
		A424B3751B3C40CE004562CA /* EVNInviteContactsVC.m in Sources */ = {isa = PBXBuildFile; fileRef = A424B3741B3C40CE004562CA /* EVNInviteContactsVC.m */; };
		A424B3781B3C6148004562CA /* EVNInviteContainerHeaderView.m in Sources */ = {isa = PBXBuildFile; fileRef = A424B3771B3C6148004562CA /* EVNInviteContainerHeaderView.m */; };
		A430EE0A1AF264B30090ECB6 /* EVNUser.m in Sources */ = {isa = PBXBuildFile; fileRef = A430EE091AF264B30090ECB6 /* EVNUser.m */; };
		A43454461B3AEDD00001A4AA /* EVNConnectFBFriendsVC.m in Sources */ = {isa = PBXBuildFile; fileRef = A43454451B3AEDD00001A4AA /* EVNConnectFBFriendsVC.m */; };
		A43454491B3B2DB30001A4AA /* EVNFacebookFriendCell.m in Sources */ = {isa = PBXBuildFile; fileRef = A43454481B3B2DB30001A4AA /* EVNFacebookFriendCell.m */; };
		A43C57941AF15B48008E8EA2 /* SplashScreenVC.m in Sources */ = {isa = PBXBuildFile; fileRef = A43C57931AF15B48008E8EA2 /* SplashScreenVC.m */; };
		A44661161AA7589C00E6C3C6 /* AddEventPrimaryVC.m in Sources */ = {isa = PBXBuildFile; fileRef = A44661151AA7589C00E6C3C6 /* AddEventPrimaryVC.m */; };
		A44BB8961A7832EA00735C93 /* AudioToolbox.framework in Frameworks */ = {isa = PBXBuildFile; fileRef = A41563231A7688BB00565BB6 /* AudioToolbox.framework */; };
		A44BB8971A7832F600735C93 /* CoreLocation.framework in Frameworks */ = {isa = PBXBuildFile; fileRef = A41563291A7688D300565BB6 /* CoreLocation.framework */; };
		A44BB8981A78331E00735C93 /* CoreGraphics.framework in Frameworks */ = {isa = PBXBuildFile; fileRef = A41563271A7688CC00565BB6 /* CoreGraphics.framework */; };
		A44BB8991A78332800735C93 /* CFNetwork.framework in Frameworks */ = {isa = PBXBuildFile; fileRef = A41563251A7688C300565BB6 /* CFNetwork.framework */; };
		A44BB89A1A78332F00735C93 /* MobileCoreServices.framework in Frameworks */ = {isa = PBXBuildFile; fileRef = A415632B1A7688DB00565BB6 /* MobileCoreServices.framework */; };
		A44BB89B1A78333400735C93 /* QuartzCore.framework in Frameworks */ = {isa = PBXBuildFile; fileRef = A415632D1A7688E200565BB6 /* QuartzCore.framework */; };
		A44BB89C1A78333A00735C93 /* Security.framework in Frameworks */ = {isa = PBXBuildFile; fileRef = A415632F1A7688E900565BB6 /* Security.framework */; };
		A44BB89D1A78333F00735C93 /* StoreKit.framework in Frameworks */ = {isa = PBXBuildFile; fileRef = A41563311A7688F000565BB6 /* StoreKit.framework */; };
		A44BB89E1A78334700735C93 /* SystemConfiguration.framework in Frameworks */ = {isa = PBXBuildFile; fileRef = A41563331A7688F800565BB6 /* SystemConfiguration.framework */; };
		A44DAF861B45B46600475F1D /* FBSDKShareKit.framework in Frameworks */ = {isa = PBXBuildFile; fileRef = A44DAF851B45B46600475F1D /* FBSDKShareKit.framework */; };
		A45638C71AB9B8AB009D3BCC /* MapForEventView.m in Sources */ = {isa = PBXBuildFile; fileRef = A45638C61AB9B8AB009D3BCC /* MapForEventView.m */; };
		A45638CA1ABA2122009D3BCC /* EventPicturesVC.m in Sources */ = {isa = PBXBuildFile; fileRef = A45638C91ABA2122009D3BCC /* EventPicturesVC.m */; };
		A45638CD1ABB4693009D3BCC /* EVNNoResultsView.m in Sources */ = {isa = PBXBuildFile; fileRef = A45638CC1ABB4693009D3BCC /* EVNNoResultsView.m */; };
		A459AE161B14E5C800EB6FEF /* InitialScreenVC.m in Sources */ = {isa = PBXBuildFile; fileRef = A459AE151B14E5C800EB6FEF /* InitialScreenVC.m */; };
		A45ACFF61B1BE76100BA8AF3 /* evntrBackground.mov in Resources */ = {isa = PBXBuildFile; fileRef = A45ACFF51B1BE76100BA8AF3 /* evntrBackground.mov */; };
		A4628CFA1AB77C4B00EBD959 /* FullMapVC.m in Sources */ = {isa = PBXBuildFile; fileRef = A4628CF91AB77C4B00EBD959 /* FullMapVC.m */; };
		A463633C1A9D00F100AD461D /* UIImageEffects.m in Sources */ = {isa = PBXBuildFile; fileRef = A463633B1A9D00F100AD461D /* UIImageEffects.m */; };
		A465A9211B4AC3AB00700F1C /* EVNGradientView.m in Sources */ = {isa = PBXBuildFile; fileRef = A465A9201B4AC3AB00700F1C /* EVNGradientView.m */; };
		A46DB25C1AAE7B0500208973 /* MBProgressHUD.m in Sources */ = {isa = PBXBuildFile; fileRef = A46DB25B1AAE7B0500208973 /* MBProgressHUD.m */; };
		A47430671A81556C00CF3B8F /* ActivityVC.m in Sources */ = {isa = PBXBuildFile; fileRef = A47430661A81556C00CF3B8F /* ActivityVC.m */; };
		A474306A1A8155AD00CF3B8F /* ActivityTableCell.m in Sources */ = {isa = PBXBuildFile; fileRef = A47430691A8155AD00CF3B8F /* ActivityTableCell.m */; };
		A47584301ADBF3E50065196D /* ParseCrashReporting.framework in Frameworks */ = {isa = PBXBuildFile; fileRef = A475842F1ADBF3E50065196D /* ParseCrashReporting.framework */; };
		A47584321ADBF4310065196D /* libstdc++.6.dylib in Frameworks */ = {isa = PBXBuildFile; fileRef = A47584311ADBF4310065196D /* libstdc++.6.dylib */; };
		A47B7FE81B4577340061447A /* UICountingLabel.m in Sources */ = {isa = PBXBuildFile; fileRef = A47B7FE71B4577340061447A /* UICountingLabel.m */; };
		A47DC07A1AF7D19C00D245A8 /* EVNNotifcationsTitleView.m in Sources */ = {isa = PBXBuildFile; fileRef = A47DC0791AF7D19C00D245A8 /* EVNNotifcationsTitleView.m */; };
		A488B35C1A801FE800738B4F /* MapKit.framework in Frameworks */ = {isa = PBXBuildFile; fileRef = A488B35B1A801FE800738B4F /* MapKit.framework */; };
		A48EEFF01A799E5C007145E3 /* Main.storyboard in Resources */ = {isa = PBXBuildFile; fileRef = A48EEFEF1A799E5C007145E3 /* Main.storyboard */; };
		A495B0D71B382FBF005C96E5 /* EventDetailVC.m in Sources */ = {isa = PBXBuildFile; fileRef = A495B0D61B382FBF005C96E5 /* EventDetailVC.m */; };
		A499CCEE1B4C3DF1000A7271 /* EVNLoginBaseVC.m in Sources */ = {isa = PBXBuildFile; fileRef = A499CCED1B4C3DF1000A7271 /* EVNLoginBaseVC.m */; };
		A49A9E291AAE26D900358D65 /* StandbyCollectionViewCell.m in Sources */ = {isa = PBXBuildFile; fileRef = A49A9E281AAE26D900358D65 /* StandbyCollectionViewCell.m */; };
		A49B7E141B418EC400379354 /* FBSDKCoreKit.framework in Frameworks */ = {isa = PBXBuildFile; fileRef = A49B7E131B418EC400379354 /* FBSDKCoreKit.framework */; };
		A49B7E161B41939400379354 /* ParseFacebookUtilsV4.framework in Frameworks */ = {isa = PBXBuildFile; fileRef = A49B7E151B41939400379354 /* ParseFacebookUtilsV4.framework */; };
		A49B7E181B41A03C00379354 /* FBSDKLoginKit.framework in Frameworks */ = {isa = PBXBuildFile; fileRef = A49B7E171B41A03C00379354 /* FBSDKLoginKit.framework */; };
		A4A1850C1AE91DC00009AC43 /* UIImage+EVNEffects.m in Sources */ = {isa = PBXBuildFile; fileRef = A4A1850B1AE91DC00009AC43 /* UIImage+EVNEffects.m */; };
		A4ABFFED1B46C8CA00B2FDBB /* EVNInviteFBFriendsVC.m in Sources */ = {isa = PBXBuildFile; fileRef = A4ABFFEC1B46C8CA00B2FDBB /* EVNInviteFBFriendsVC.m */; };
		A4B24D441A7709D200B4C3A6 /* SettingsVC.m in Sources */ = {isa = PBXBuildFile; fileRef = A4B24D431A7709D200B4C3A6 /* SettingsVC.m */; };
		A4B2BC5F1AB870370004B084 /* EVNButton.m in Sources */ = {isa = PBXBuildFile; fileRef = A4B2BC5E1AB870370004B084 /* EVNButton.m */; };
		A4B68BC41AEE7F4D003EB822 /* WalkthroughScreensPVC.m in Sources */ = {isa = PBXBuildFile; fileRef = A4B68BC31AEE7F4D003EB822 /* WalkthroughScreensPVC.m */; };
		A4B6FB1B1AB349950033A3A1 /* FilterEventsVC.m in Sources */ = {isa = PBXBuildFile; fileRef = A4B6FB1A1AB349950033A3A1 /* FilterEventsVC.m */; };
		A4B6FB1E1AB365C80033A3A1 /* SearchHeaderView.m in Sources */ = {isa = PBXBuildFile; fileRef = A4B6FB1D1AB365C80033A3A1 /* SearchHeaderView.m */; };
		A4BB74F21A965095005E9CCA /* UIColor+EVNColors.m in Sources */ = {isa = PBXBuildFile; fileRef = A4BB74F11A965095005E9CCA /* UIColor+EVNColors.m */; };
		A4BEB5FD1AA931AC0024D731 /* AddEventSecondVC.m in Sources */ = {isa = PBXBuildFile; fileRef = A4BEB5FC1AA931AC0024D731 /* AddEventSecondVC.m */; };
		A4C2C1371ACEB4FB004C7F35 /* EventObject.m in Sources */ = {isa = PBXBuildFile; fileRef = A4C2C1361ACEB4FB004C7F35 /* EventObject.m */; };
		A4C4EDC51A94E85D000BC3AD /* IDTTransitionController.m in Sources */ = {isa = PBXBuildFile; fileRef = A4C4EDC21A94E85D000BC3AD /* IDTTransitionController.m */; };
		A4C4EDC61A94E85D000BC3AD /* IDTTransitioningDelegate.m in Sources */ = {isa = PBXBuildFile; fileRef = A4C4EDC41A94E85D000BC3AD /* IDTTransitioningDelegate.m */; };
		A4C4EDCA1A94EB0E000BC3AD /* ResetPasswordModalVC.m in Sources */ = {isa = PBXBuildFile; fileRef = A4C4EDC91A94EB0E000BC3AD /* ResetPasswordModalVC.m */; };
		A4C4EDCF1A95118C000BC3AD /* Lato-Bold.ttf in Resources */ = {isa = PBXBuildFile; fileRef = A4C4EDCB1A95118C000BC3AD /* Lato-Bold.ttf */; };
		A4C4EDD01A95118C000BC3AD /* Lato-Light.ttf in Resources */ = {isa = PBXBuildFile; fileRef = A4C4EDCC1A95118C000BC3AD /* Lato-Light.ttf */; };
		A4C4EDD11A95118C000BC3AD /* Lato-Regular.ttf in Resources */ = {isa = PBXBuildFile; fileRef = A4C4EDCD1A95118C000BC3AD /* Lato-Regular.ttf */; };
		A4C4EDD21A95118C000BC3AD /* Lato-Thin.ttf in Resources */ = {isa = PBXBuildFile; fileRef = A4C4EDCE1A95118C000BC3AD /* Lato-Thin.ttf */; };
		A4C4EDD91A9538FB000BC3AD /* TabNavigationVC.m in Sources */ = {isa = PBXBuildFile; fileRef = A4C4EDD81A9538FB000BC3AD /* TabNavigationVC.m */; };
		A4CB0A421A92BB9F00E88E4C /* EditProfileVC.m in Sources */ = {isa = PBXBuildFile; fileRef = A4CB0A411A92BB9F00E88E4C /* EditProfileVC.m */; };
		A4CC92761AFBAA84005EA199 /* EVNLocationSearchVC.m in Sources */ = {isa = PBXBuildFile; fileRef = A4CC92751AFBAA83005EA199 /* EVNLocationSearchVC.m */; };
		A4CEF7591AB1DB11002F02C8 /* FBShimmeringLayer.m in Sources */ = {isa = PBXBuildFile; fileRef = A4CEF7561AB1DB11002F02C8 /* FBShimmeringLayer.m */; };
		A4CEF75A1AB1DB11002F02C8 /* FBShimmeringView.m in Sources */ = {isa = PBXBuildFile; fileRef = A4CEF7581AB1DB11002F02C8 /* FBShimmeringView.m */; };
		A4D72FB51AAA175E00488D8D /* IDTTransitionControllerTab.m in Sources */ = {isa = PBXBuildFile; fileRef = A4D72FB41AAA175E00488D8D /* IDTTransitionControllerTab.m */; };
		A4E130481ADFDD41002E0862 /* EVNCommentsTableCell.m in Sources */ = {isa = PBXBuildFile; fileRef = A4E130461ADFDD41002E0862 /* EVNCommentsTableCell.m */; };
		A4E130491ADFDD41002E0862 /* EVNCommentsTableCell.xib in Resources */ = {isa = PBXBuildFile; fileRef = A4E130471ADFDD41002E0862 /* EVNCommentsTableCell.xib */; };
		A4E436BD1A9EAC3B002EAAB0 /* NewUserFacebookVC.m in Sources */ = {isa = PBXBuildFile; fileRef = A4E436BC1A9EAC3B002EAAB0 /* NewUserFacebookVC.m */; };
		A4E4B6B11ADEB60F00D38358 /* CommentsTableSource.m in Sources */ = {isa = PBXBuildFile; fileRef = A4E4B6B01ADEB60F00D38358 /* CommentsTableSource.m */; };
		A4E4B6B41ADEE01B00D38358 /* EVNAddCommentVC.m in Sources */ = {isa = PBXBuildFile; fileRef = A4E4B6B31ADEE01B00D38358 /* EVNAddCommentVC.m */; };
		A4E5D4BE1AA8CA0C00E86410 /* GoogleResult.m in Sources */ = {isa = PBXBuildFile; fileRef = A4E5D4BD1AA8CA0C00E86410 /* GoogleResult.m */; };
		A4F2B5F61B31C2F00006A82F /* EVNFullWebViewController.m in Sources */ = {isa = PBXBuildFile; fileRef = A4F2B5F51B31C2F00006A82F /* EVNFullWebViewController.m */; };
		A4F2E9AB1A7AB4CE00614412 /* PeopleVC.m in Sources */ = {isa = PBXBuildFile; fileRef = A4F2E9AA1A7AB4CE00614412 /* PeopleVC.m */; };
		A4F2E9B21A7ABDF400614412 /* PersonCell.m in Sources */ = {isa = PBXBuildFile; fileRef = A4F2E9B11A7ABDF400614412 /* PersonCell.m */; };
		A4F2E9B51A7AF5CF00614412 /* EVNUtility.m in Sources */ = {isa = PBXBuildFile; fileRef = A4F2E9B41A7AF5CF00614412 /* EVNUtility.m */; };
		A4F2E9B81A7AF65800614412 /* EVNConstants.m in Sources */ = {isa = PBXBuildFile; fileRef = A4F2E9B71A7AF65800614412 /* EVNConstants.m */; };
		A4F612D51A8E5A9600D52B88 /* AddressBookUI.framework in Frameworks */ = {isa = PBXBuildFile; fileRef = A4F612D41A8E5A9600D52B88 /* AddressBookUI.framework */; };
		A4F6C4C11AA6317C001C68BA /* PictureFullScreenVC.m in Sources */ = {isa = PBXBuildFile; fileRef = A4F6C4C01AA6317C001C68BA /* PictureFullScreenVC.m */; };
/* End PBXBuildFile section */

/* Begin PBXContainerItemProxy section */
		A41562DB1A767D3A00565BB6 /* PBXContainerItemProxy */ = {
			isa = PBXContainerItemProxy;
			containerPortal = A41562B91A767D3A00565BB6 /* Project object */;
			proxyType = 1;
			remoteGlobalIDString = A41562C01A767D3A00565BB6;
			remoteInfo = EVNTR;
		};
/* End PBXContainerItemProxy section */

/* Begin PBXFileReference section */
		A4035FD41A78534400DB67E4 /* ParseUI.framework */ = {isa = PBXFileReference; lastKnownFileType = wrapper.framework; path = ParseUI.framework; sourceTree = "<group>"; };
		A4035FD61A786ACF00DB67E4 /* EventTableCell.h */ = {isa = PBXFileReference; fileEncoding = 4; lastKnownFileType = sourcecode.c.h; path = EventTableCell.h; sourceTree = "<group>"; };
		A4035FD71A786ACF00DB67E4 /* EventTableCell.m */ = {isa = PBXFileReference; fileEncoding = 4; lastKnownFileType = sourcecode.c.objc; path = EventTableCell.m; sourceTree = "<group>"; };
		A40443611B04D06200F36C6A /* EVNMapAnnotation.h */ = {isa = PBXFileReference; fileEncoding = 4; lastKnownFileType = sourcecode.c.h; path = EVNMapAnnotation.h; sourceTree = "<group>"; };
		A40443621B04D06200F36C6A /* EVNMapAnnotation.m */ = {isa = PBXFileReference; fileEncoding = 4; lastKnownFileType = sourcecode.c.objc; path = EVNMapAnnotation.m; sourceTree = "<group>"; };
		A41352531A81B80200034222 /* ImageViewPFExtended.h */ = {isa = PBXFileReference; fileEncoding = 4; lastKnownFileType = sourcecode.c.h; path = ImageViewPFExtended.h; sourceTree = "<group>"; };
		A41352541A81B80200034222 /* ImageViewPFExtended.m */ = {isa = PBXFileReference; fileEncoding = 4; lastKnownFileType = sourcecode.c.objc; path = ImageViewPFExtended.m; sourceTree = "<group>"; };
		A41562C11A767D3A00565BB6 /* Evntr.app */ = {isa = PBXFileReference; explicitFileType = wrapper.application; includeInIndex = 0; path = Evntr.app; sourceTree = BUILT_PRODUCTS_DIR; };
		A41562C51A767D3A00565BB6 /* Info.plist */ = {isa = PBXFileReference; lastKnownFileType = text.plist.xml; path = Info.plist; sourceTree = "<group>"; };
		A41562C61A767D3A00565BB6 /* main.m */ = {isa = PBXFileReference; lastKnownFileType = sourcecode.c.objc; path = main.m; sourceTree = "<group>"; };
		A41562C81A767D3A00565BB6 /* AppDelegate.h */ = {isa = PBXFileReference; lastKnownFileType = sourcecode.c.h; path = AppDelegate.h; sourceTree = "<group>"; };
		A41562C91A767D3A00565BB6 /* AppDelegate.m */ = {isa = PBXFileReference; lastKnownFileType = sourcecode.c.objc; lineEnding = 0; path = AppDelegate.m; sourceTree = "<group>"; xcLanguageSpecificationIdentifier = xcode.lang.objc; };
		A41562D11A767D3A00565BB6 /* Images.xcassets */ = {isa = PBXFileReference; lastKnownFileType = folder.assetcatalog; path = Images.xcassets; sourceTree = "<group>"; };
		A41562D41A767D3A00565BB6 /* Base */ = {isa = PBXFileReference; lastKnownFileType = file.xib; name = Base; path = Base.lproj/LaunchScreen.xib; sourceTree = "<group>"; };
		A41562DA1A767D3A00565BB6 /* EVNTRTests.xctest */ = {isa = PBXFileReference; explicitFileType = wrapper.cfbundle; includeInIndex = 0; path = EVNTRTests.xctest; sourceTree = BUILT_PRODUCTS_DIR; };
		A41562DF1A767D3A00565BB6 /* Info.plist */ = {isa = PBXFileReference; lastKnownFileType = text.plist.xml; path = Info.plist; sourceTree = "<group>"; };
		A41562E01A767D3A00565BB6 /* EVNTRTests.m */ = {isa = PBXFileReference; lastKnownFileType = sourcecode.c.objc; path = EVNTRTests.m; sourceTree = "<group>"; };
		A415631F1A76885400565BB6 /* Bolts.framework */ = {isa = PBXFileReference; lastKnownFileType = wrapper.framework; path = Bolts.framework; sourceTree = "<group>"; };
		A41563201A76885400565BB6 /* Parse.framework */ = {isa = PBXFileReference; lastKnownFileType = wrapper.framework; path = Parse.framework; sourceTree = "<group>"; };
		A41563231A7688BB00565BB6 /* AudioToolbox.framework */ = {isa = PBXFileReference; lastKnownFileType = wrapper.framework; name = AudioToolbox.framework; path = System/Library/Frameworks/AudioToolbox.framework; sourceTree = SDKROOT; };
		A41563251A7688C300565BB6 /* CFNetwork.framework */ = {isa = PBXFileReference; lastKnownFileType = wrapper.framework; name = CFNetwork.framework; path = System/Library/Frameworks/CFNetwork.framework; sourceTree = SDKROOT; };
		A41563271A7688CC00565BB6 /* CoreGraphics.framework */ = {isa = PBXFileReference; lastKnownFileType = wrapper.framework; name = CoreGraphics.framework; path = System/Library/Frameworks/CoreGraphics.framework; sourceTree = SDKROOT; };
		A41563291A7688D300565BB6 /* CoreLocation.framework */ = {isa = PBXFileReference; lastKnownFileType = wrapper.framework; name = CoreLocation.framework; path = System/Library/Frameworks/CoreLocation.framework; sourceTree = SDKROOT; };
		A415632B1A7688DB00565BB6 /* MobileCoreServices.framework */ = {isa = PBXFileReference; lastKnownFileType = wrapper.framework; name = MobileCoreServices.framework; path = System/Library/Frameworks/MobileCoreServices.framework; sourceTree = SDKROOT; };
		A415632D1A7688E200565BB6 /* QuartzCore.framework */ = {isa = PBXFileReference; lastKnownFileType = wrapper.framework; name = QuartzCore.framework; path = System/Library/Frameworks/QuartzCore.framework; sourceTree = SDKROOT; };
		A415632F1A7688E900565BB6 /* Security.framework */ = {isa = PBXFileReference; lastKnownFileType = wrapper.framework; name = Security.framework; path = System/Library/Frameworks/Security.framework; sourceTree = SDKROOT; };
		A41563311A7688F000565BB6 /* StoreKit.framework */ = {isa = PBXFileReference; lastKnownFileType = wrapper.framework; name = StoreKit.framework; path = System/Library/Frameworks/StoreKit.framework; sourceTree = SDKROOT; };
		A41563331A7688F800565BB6 /* SystemConfiguration.framework */ = {isa = PBXFileReference; lastKnownFileType = wrapper.framework; name = SystemConfiguration.framework; path = System/Library/Frameworks/SystemConfiguration.framework; sourceTree = SDKROOT; };
		A41563351A76890200565BB6 /* libz.dylib */ = {isa = PBXFileReference; lastKnownFileType = "compiled.mach-o.dylib"; name = libz.dylib; path = usr/lib/libz.dylib; sourceTree = SDKROOT; };
		A41563371A76890E00565BB6 /* libsqlite3.dylib */ = {isa = PBXFileReference; lastKnownFileType = "compiled.mach-o.dylib"; name = libsqlite3.dylib; path = usr/lib/libsqlite3.dylib; sourceTree = SDKROOT; };
		A415633A1A768B9700565BB6 /* HomeScreenVC.h */ = {isa = PBXFileReference; fileEncoding = 4; lastKnownFileType = sourcecode.c.h; lineEnding = 0; path = HomeScreenVC.h; sourceTree = "<group>"; xcLanguageSpecificationIdentifier = xcode.lang.objcpp; };
		A415633B1A768B9700565BB6 /* HomeScreenVC.m */ = {isa = PBXFileReference; fileEncoding = 4; lastKnownFileType = sourcecode.c.objc; lineEnding = 0; path = HomeScreenVC.m; sourceTree = "<group>"; xcLanguageSpecificationIdentifier = xcode.lang.objc; };
		A415633D1A769FDE00565BB6 /* SignUpVC.h */ = {isa = PBXFileReference; fileEncoding = 4; lastKnownFileType = sourcecode.c.h; path = SignUpVC.h; sourceTree = "<group>"; };
		A415633E1A769FDE00565BB6 /* SignUpVC.m */ = {isa = PBXFileReference; fileEncoding = 4; lastKnownFileType = sourcecode.c.objc; lineEnding = 0; path = SignUpVC.m; sourceTree = "<group>"; xcLanguageSpecificationIdentifier = xcode.lang.objc; };
		A41563401A76ACC000565BB6 /* LogInVC.h */ = {isa = PBXFileReference; fileEncoding = 4; lastKnownFileType = sourcecode.c.h; path = LogInVC.h; sourceTree = "<group>"; };
		A41563411A76ACC000565BB6 /* LogInVC.m */ = {isa = PBXFileReference; fileEncoding = 4; lastKnownFileType = sourcecode.c.objc; lineEnding = 0; path = LogInVC.m; sourceTree = "<group>"; xcLanguageSpecificationIdentifier = xcode.lang.objc; };
		A415634A1A76EF3A00565BB6 /* ProfileVC.h */ = {isa = PBXFileReference; fileEncoding = 4; lastKnownFileType = sourcecode.c.h; path = ProfileVC.h; sourceTree = "<group>"; };
		A415634B1A76EF3A00565BB6 /* ProfileVC.m */ = {isa = PBXFileReference; fileEncoding = 4; lastKnownFileType = sourcecode.c.objc; lineEnding = 0; path = ProfileVC.m; sourceTree = "<group>"; xcLanguageSpecificationIdentifier = xcode.lang.objc; };
		A41812991AA0BFA200317B0C /* GuestWelcomeVC.h */ = {isa = PBXFileReference; fileEncoding = 4; lastKnownFileType = sourcecode.c.h; path = GuestWelcomeVC.h; sourceTree = "<group>"; };
		A418129A1AA0BFA200317B0C /* GuestWelcomeVC.m */ = {isa = PBXFileReference; fileEncoding = 4; lastKnownFileType = sourcecode.c.objc; path = GuestWelcomeVC.m; sourceTree = "<group>"; };
		A41B2A111ABCBE3F00F7CE44 /* SignUpTabVC.h */ = {isa = PBXFileReference; fileEncoding = 4; lastKnownFileType = sourcecode.c.h; path = SignUpTabVC.h; sourceTree = "<group>"; };
		A41B2A121ABCBE3F00F7CE44 /* SignUpTabVC.m */ = {isa = PBXFileReference; fileEncoding = 4; lastKnownFileType = sourcecode.c.objc; path = SignUpTabVC.m; sourceTree = "<group>"; };
		A423F7E91A9B8DC100DF9ABE /* NSDate+NVTimeAgo.h */ = {isa = PBXFileReference; fileEncoding = 4; lastKnownFileType = sourcecode.c.h; path = "NSDate+NVTimeAgo.h"; sourceTree = "<group>"; };
		A423F7EA1A9B8DC100DF9ABE /* NSDate+NVTimeAgo.m */ = {isa = PBXFileReference; fileEncoding = 4; lastKnownFileType = sourcecode.c.objc; path = "NSDate+NVTimeAgo.m"; sourceTree = "<group>"; };
		A423F7EC1A9BC46600DF9ABE /* EVNButtonExtended.h */ = {isa = PBXFileReference; fileEncoding = 4; lastKnownFileType = sourcecode.c.h; lineEnding = 0; path = EVNButtonExtended.h; sourceTree = "<group>"; xcLanguageSpecificationIdentifier = xcode.lang.objcpp; };
		A423F7ED1A9BC46600DF9ABE /* EVNButtonExtended.m */ = {isa = PBXFileReference; fileEncoding = 4; lastKnownFileType = sourcecode.c.objc; path = EVNButtonExtended.m; sourceTree = "<group>"; };
		A423F7F01A9BFF0900DF9ABE /* SearchVC.h */ = {isa = PBXFileReference; fileEncoding = 4; lastKnownFileType = sourcecode.c.h; path = SearchVC.h; sourceTree = "<group>"; };
		A423F7F11A9BFF0900DF9ABE /* SearchVC.m */ = {isa = PBXFileReference; fileEncoding = 4; lastKnownFileType = sourcecode.c.objc; lineEnding = 0; path = SearchVC.m; sourceTree = "<group>"; xcLanguageSpecificationIdentifier = xcode.lang.objc; };
		A424B36E1B3C3822004562CA /* EVNInviteContainerVC.h */ = {isa = PBXFileReference; fileEncoding = 4; lastKnownFileType = sourcecode.c.h; path = EVNInviteContainerVC.h; sourceTree = "<group>"; };
		A424B36F1B3C3822004562CA /* EVNInviteContainerVC.m */ = {isa = PBXFileReference; fileEncoding = 4; lastKnownFileType = sourcecode.c.objc; path = EVNInviteContainerVC.m; sourceTree = "<group>"; };
		A424B3731B3C40CE004562CA /* EVNInviteContactsVC.h */ = {isa = PBXFileReference; fileEncoding = 4; lastKnownFileType = sourcecode.c.h; path = EVNInviteContactsVC.h; sourceTree = "<group>"; };
		A424B3741B3C40CE004562CA /* EVNInviteContactsVC.m */ = {isa = PBXFileReference; fileEncoding = 4; lastKnownFileType = sourcecode.c.objc; path = EVNInviteContactsVC.m; sourceTree = "<group>"; };
		A424B3761B3C6148004562CA /* EVNInviteContainerHeaderView.h */ = {isa = PBXFileReference; fileEncoding = 4; lastKnownFileType = sourcecode.c.h; path = EVNInviteContainerHeaderView.h; sourceTree = "<group>"; };
		A424B3771B3C6148004562CA /* EVNInviteContainerHeaderView.m */ = {isa = PBXFileReference; fileEncoding = 4; lastKnownFileType = sourcecode.c.objc; path = EVNInviteContainerHeaderView.m; sourceTree = "<group>"; };
		A430EE081AF264B30090ECB6 /* EVNUser.h */ = {isa = PBXFileReference; fileEncoding = 4; lastKnownFileType = sourcecode.c.h; path = EVNUser.h; sourceTree = "<group>"; };
		A430EE091AF264B30090ECB6 /* EVNUser.m */ = {isa = PBXFileReference; fileEncoding = 4; lastKnownFileType = sourcecode.c.objc; lineEnding = 0; path = EVNUser.m; sourceTree = "<group>"; xcLanguageSpecificationIdentifier = xcode.lang.objc; };
		A43454441B3AEDD00001A4AA /* EVNConnectFBFriendsVC.h */ = {isa = PBXFileReference; fileEncoding = 4; lastKnownFileType = sourcecode.c.h; path = EVNConnectFBFriendsVC.h; sourceTree = "<group>"; };
		A43454451B3AEDD00001A4AA /* EVNConnectFBFriendsVC.m */ = {isa = PBXFileReference; fileEncoding = 4; lastKnownFileType = sourcecode.c.objc; path = EVNConnectFBFriendsVC.m; sourceTree = "<group>"; };
		A43454471B3B2DB30001A4AA /* EVNFacebookFriendCell.h */ = {isa = PBXFileReference; fileEncoding = 4; lastKnownFileType = sourcecode.c.h; path = EVNFacebookFriendCell.h; sourceTree = "<group>"; };
		A43454481B3B2DB30001A4AA /* EVNFacebookFriendCell.m */ = {isa = PBXFileReference; fileEncoding = 4; lastKnownFileType = sourcecode.c.objc; path = EVNFacebookFriendCell.m; sourceTree = "<group>"; };
		A43C57921AF15B48008E8EA2 /* SplashScreenVC.h */ = {isa = PBXFileReference; fileEncoding = 4; lastKnownFileType = sourcecode.c.h; path = SplashScreenVC.h; sourceTree = "<group>"; };
		A43C57931AF15B48008E8EA2 /* SplashScreenVC.m */ = {isa = PBXFileReference; fileEncoding = 4; lastKnownFileType = sourcecode.c.objc; path = SplashScreenVC.m; sourceTree = "<group>"; };
		A44661141AA7589C00E6C3C6 /* AddEventPrimaryVC.h */ = {isa = PBXFileReference; fileEncoding = 4; lastKnownFileType = sourcecode.c.h; path = AddEventPrimaryVC.h; sourceTree = "<group>"; };
		A44661151AA7589C00E6C3C6 /* AddEventPrimaryVC.m */ = {isa = PBXFileReference; fileEncoding = 4; lastKnownFileType = sourcecode.c.objc; lineEnding = 0; path = AddEventPrimaryVC.m; sourceTree = "<group>"; xcLanguageSpecificationIdentifier = xcode.lang.objc; };
		A44DAF851B45B46600475F1D /* FBSDKShareKit.framework */ = {isa = PBXFileReference; lastKnownFileType = wrapper.framework; name = FBSDKShareKit.framework; path = ../../../../FacebookSDK/FBSDKShareKit.framework; sourceTree = "<group>"; };
		A45638C51AB9B8AB009D3BCC /* MapForEventView.h */ = {isa = PBXFileReference; fileEncoding = 4; lastKnownFileType = sourcecode.c.h; path = MapForEventView.h; sourceTree = "<group>"; };
		A45638C61AB9B8AB009D3BCC /* MapForEventView.m */ = {isa = PBXFileReference; fileEncoding = 4; lastKnownFileType = sourcecode.c.objc; lineEnding = 0; path = MapForEventView.m; sourceTree = "<group>"; xcLanguageSpecificationIdentifier = xcode.lang.objc; };
		A45638C81ABA2122009D3BCC /* EventPicturesVC.h */ = {isa = PBXFileReference; fileEncoding = 4; lastKnownFileType = sourcecode.c.h; path = EventPicturesVC.h; sourceTree = "<group>"; };
		A45638C91ABA2122009D3BCC /* EventPicturesVC.m */ = {isa = PBXFileReference; fileEncoding = 4; lastKnownFileType = sourcecode.c.objc; lineEnding = 0; path = EventPicturesVC.m; sourceTree = "<group>"; xcLanguageSpecificationIdentifier = xcode.lang.objc; };
		A45638CB1ABB4693009D3BCC /* EVNNoResultsView.h */ = {isa = PBXFileReference; fileEncoding = 4; lastKnownFileType = sourcecode.c.h; path = EVNNoResultsView.h; sourceTree = "<group>"; };
		A45638CC1ABB4693009D3BCC /* EVNNoResultsView.m */ = {isa = PBXFileReference; fileEncoding = 4; lastKnownFileType = sourcecode.c.objc; lineEnding = 0; path = EVNNoResultsView.m; sourceTree = "<group>"; xcLanguageSpecificationIdentifier = xcode.lang.objc; };
		A459AE151B14E5C800EB6FEF /* InitialScreenVC.m */ = {isa = PBXFileReference; fileEncoding = 4; lastKnownFileType = sourcecode.c.objc; path = InitialScreenVC.m; sourceTree = "<group>"; };
		A45ACFF51B1BE76100BA8AF3 /* evntrBackground.mov */ = {isa = PBXFileReference; lastKnownFileType = video.quicktime; path = evntrBackground.mov; sourceTree = "<group>"; };
		A4628CF81AB77C4B00EBD959 /* FullMapVC.h */ = {isa = PBXFileReference; fileEncoding = 4; lastKnownFileType = sourcecode.c.h; path = FullMapVC.h; sourceTree = "<group>"; };
		A4628CF91AB77C4B00EBD959 /* FullMapVC.m */ = {isa = PBXFileReference; fileEncoding = 4; lastKnownFileType = sourcecode.c.objc; path = FullMapVC.m; sourceTree = "<group>"; };
		A463633A1A9D00F100AD461D /* UIImageEffects.h */ = {isa = PBXFileReference; fileEncoding = 4; lastKnownFileType = sourcecode.c.h; path = UIImageEffects.h; sourceTree = "<group>"; };
		A463633B1A9D00F100AD461D /* UIImageEffects.m */ = {isa = PBXFileReference; fileEncoding = 4; lastKnownFileType = sourcecode.c.objc; path = UIImageEffects.m; sourceTree = "<group>"; };
		A465A91F1B4AC3AB00700F1C /* EVNGradientView.h */ = {isa = PBXFileReference; fileEncoding = 4; lastKnownFileType = sourcecode.c.h; path = EVNGradientView.h; sourceTree = "<group>"; };
		A465A9201B4AC3AB00700F1C /* EVNGradientView.m */ = {isa = PBXFileReference; fileEncoding = 4; lastKnownFileType = sourcecode.c.objc; path = EVNGradientView.m; sourceTree = "<group>"; };
		A46DB25A1AAE7B0500208973 /* MBProgressHUD.h */ = {isa = PBXFileReference; fileEncoding = 4; lastKnownFileType = sourcecode.c.h; path = MBProgressHUD.h; sourceTree = "<group>"; };
		A46DB25B1AAE7B0500208973 /* MBProgressHUD.m */ = {isa = PBXFileReference; fileEncoding = 4; lastKnownFileType = sourcecode.c.objc; path = MBProgressHUD.m; sourceTree = "<group>"; };
		A47430651A81556C00CF3B8F /* ActivityVC.h */ = {isa = PBXFileReference; fileEncoding = 4; lastKnownFileType = sourcecode.c.h; path = ActivityVC.h; sourceTree = "<group>"; };
		A47430661A81556C00CF3B8F /* ActivityVC.m */ = {isa = PBXFileReference; fileEncoding = 4; lastKnownFileType = sourcecode.c.objc; lineEnding = 0; path = ActivityVC.m; sourceTree = "<group>"; xcLanguageSpecificationIdentifier = xcode.lang.objc; };
		A47430681A8155AD00CF3B8F /* ActivityTableCell.h */ = {isa = PBXFileReference; fileEncoding = 4; lastKnownFileType = sourcecode.c.h; path = ActivityTableCell.h; sourceTree = "<group>"; };
		A47430691A8155AD00CF3B8F /* ActivityTableCell.m */ = {isa = PBXFileReference; fileEncoding = 4; lastKnownFileType = sourcecode.c.objc; path = ActivityTableCell.m; sourceTree = "<group>"; };
		A475842F1ADBF3E50065196D /* ParseCrashReporting.framework */ = {isa = PBXFileReference; lastKnownFileType = wrapper.framework; path = ParseCrashReporting.framework; sourceTree = "<group>"; };
		A47584311ADBF4310065196D /* libstdc++.6.dylib */ = {isa = PBXFileReference; lastKnownFileType = "compiled.mach-o.dylib"; name = "libstdc++.6.dylib"; path = "usr/lib/libstdc++.6.dylib"; sourceTree = SDKROOT; };
		A47B7FE61B4577340061447A /* UICountingLabel.h */ = {isa = PBXFileReference; fileEncoding = 4; lastKnownFileType = sourcecode.c.h; name = UICountingLabel.h; path = FBShimmering/UICountingLabel.h; sourceTree = "<group>"; };
		A47B7FE71B4577340061447A /* UICountingLabel.m */ = {isa = PBXFileReference; fileEncoding = 4; lastKnownFileType = sourcecode.c.objc; name = UICountingLabel.m; path = FBShimmering/UICountingLabel.m; sourceTree = "<group>"; };
		A47DC0781AF7D19C00D245A8 /* EVNNotifcationsTitleView.h */ = {isa = PBXFileReference; fileEncoding = 4; lastKnownFileType = sourcecode.c.h; path = EVNNotifcationsTitleView.h; sourceTree = "<group>"; };
		A47DC0791AF7D19C00D245A8 /* EVNNotifcationsTitleView.m */ = {isa = PBXFileReference; fileEncoding = 4; lastKnownFileType = sourcecode.c.objc; path = EVNNotifcationsTitleView.m; sourceTree = "<group>"; };
		A488B35B1A801FE800738B4F /* MapKit.framework */ = {isa = PBXFileReference; lastKnownFileType = wrapper.framework; name = MapKit.framework; path = System/Library/Frameworks/MapKit.framework; sourceTree = SDKROOT; };
		A48EEFEC1A797B82007145E3 /* EventDetailVC.h */ = {isa = PBXFileReference; fileEncoding = 4; lastKnownFileType = sourcecode.c.h; path = EventDetailVC.h; sourceTree = "<group>"; };
		A48EEFEF1A799E5C007145E3 /* Main.storyboard */ = {isa = PBXFileReference; fileEncoding = 4; lastKnownFileType = file.storyboard; path = Main.storyboard; sourceTree = "<group>"; };
		A495B0D61B382FBF005C96E5 /* EventDetailVC.m */ = {isa = PBXFileReference; fileEncoding = 4; lastKnownFileType = sourcecode.c.objc; path = EventDetailVC.m; sourceTree = "<group>"; };
		A499CCEC1B4C3DF1000A7271 /* EVNLoginBaseVC.h */ = {isa = PBXFileReference; fileEncoding = 4; lastKnownFileType = sourcecode.c.h; path = EVNLoginBaseVC.h; sourceTree = "<group>"; };
		A499CCED1B4C3DF1000A7271 /* EVNLoginBaseVC.m */ = {isa = PBXFileReference; fileEncoding = 4; lastKnownFileType = sourcecode.c.objc; path = EVNLoginBaseVC.m; sourceTree = "<group>"; };
		A49A9E271AAE26D900358D65 /* StandbyCollectionViewCell.h */ = {isa = PBXFileReference; fileEncoding = 4; lastKnownFileType = sourcecode.c.h; path = StandbyCollectionViewCell.h; sourceTree = "<group>"; };
		A49A9E281AAE26D900358D65 /* StandbyCollectionViewCell.m */ = {isa = PBXFileReference; fileEncoding = 4; lastKnownFileType = sourcecode.c.objc; path = StandbyCollectionViewCell.m; sourceTree = "<group>"; };
		A49B7E131B418EC400379354 /* FBSDKCoreKit.framework */ = {isa = PBXFileReference; lastKnownFileType = wrapper.framework; name = FBSDKCoreKit.framework; path = ../../../../FacebookSDK/FBSDKCoreKit.framework; sourceTree = "<group>"; };
		A49B7E151B41939400379354 /* ParseFacebookUtilsV4.framework */ = {isa = PBXFileReference; lastKnownFileType = wrapper.framework; path = ParseFacebookUtilsV4.framework; sourceTree = "<group>"; };
		A49B7E171B41A03C00379354 /* FBSDKLoginKit.framework */ = {isa = PBXFileReference; lastKnownFileType = wrapper.framework; name = FBSDKLoginKit.framework; path = ../../../../FacebookSDK/FBSDKLoginKit.framework; sourceTree = "<group>"; };
		A4A1850A1AE91DC00009AC43 /* UIImage+EVNEffects.h */ = {isa = PBXFileReference; fileEncoding = 4; lastKnownFileType = sourcecode.c.h; path = "UIImage+EVNEffects.h"; sourceTree = "<group>"; };
		A4A1850B1AE91DC00009AC43 /* UIImage+EVNEffects.m */ = {isa = PBXFileReference; fileEncoding = 4; lastKnownFileType = sourcecode.c.objc; path = "UIImage+EVNEffects.m"; sourceTree = "<group>"; };
		A4ABFFEB1B46C8CA00B2FDBB /* EVNInviteFBFriendsVC.h */ = {isa = PBXFileReference; fileEncoding = 4; lastKnownFileType = sourcecode.c.h; path = EVNInviteFBFriendsVC.h; sourceTree = "<group>"; };
		A4ABFFEC1B46C8CA00B2FDBB /* EVNInviteFBFriendsVC.m */ = {isa = PBXFileReference; fileEncoding = 4; lastKnownFileType = sourcecode.c.objc; path = EVNInviteFBFriendsVC.m; sourceTree = "<group>"; };
		A4B24D421A7709D200B4C3A6 /* SettingsVC.h */ = {isa = PBXFileReference; fileEncoding = 4; lastKnownFileType = sourcecode.c.h; path = SettingsVC.h; sourceTree = "<group>"; };
		A4B24D431A7709D200B4C3A6 /* SettingsVC.m */ = {isa = PBXFileReference; fileEncoding = 4; lastKnownFileType = sourcecode.c.objc; lineEnding = 0; path = SettingsVC.m; sourceTree = "<group>"; xcLanguageSpecificationIdentifier = xcode.lang.objc; };
		A4B2BC5D1AB870370004B084 /* EVNButton.h */ = {isa = PBXFileReference; fileEncoding = 4; lastKnownFileType = sourcecode.c.h; path = EVNButton.h; sourceTree = "<group>"; };
		A4B2BC5E1AB870370004B084 /* EVNButton.m */ = {isa = PBXFileReference; fileEncoding = 4; lastKnownFileType = sourcecode.c.objc; path = EVNButton.m; sourceTree = "<group>"; };
		A4B68BC21AEE7F4D003EB822 /* WalkthroughScreensPVC.h */ = {isa = PBXFileReference; fileEncoding = 4; lastKnownFileType = sourcecode.c.h; path = WalkthroughScreensPVC.h; sourceTree = "<group>"; };
		A4B68BC31AEE7F4D003EB822 /* WalkthroughScreensPVC.m */ = {isa = PBXFileReference; fileEncoding = 4; lastKnownFileType = sourcecode.c.objc; path = WalkthroughScreensPVC.m; sourceTree = "<group>"; };
		A4B6FB191AB349940033A3A1 /* FilterEventsVC.h */ = {isa = PBXFileReference; fileEncoding = 4; lastKnownFileType = sourcecode.c.h; path = FilterEventsVC.h; sourceTree = "<group>"; };
		A4B6FB1A1AB349950033A3A1 /* FilterEventsVC.m */ = {isa = PBXFileReference; fileEncoding = 4; lastKnownFileType = sourcecode.c.objc; path = FilterEventsVC.m; sourceTree = "<group>"; };
		A4B6FB1C1AB365C80033A3A1 /* SearchHeaderView.h */ = {isa = PBXFileReference; fileEncoding = 4; lastKnownFileType = sourcecode.c.h; path = SearchHeaderView.h; sourceTree = "<group>"; };
		A4B6FB1D1AB365C80033A3A1 /* SearchHeaderView.m */ = {isa = PBXFileReference; fileEncoding = 4; lastKnownFileType = sourcecode.c.objc; lineEnding = 0; path = SearchHeaderView.m; sourceTree = "<group>"; xcLanguageSpecificationIdentifier = xcode.lang.objc; };
		A4BB74F01A965095005E9CCA /* UIColor+EVNColors.h */ = {isa = PBXFileReference; fileEncoding = 4; lastKnownFileType = sourcecode.c.h; path = "UIColor+EVNColors.h"; sourceTree = "<group>"; };
		A4BB74F11A965095005E9CCA /* UIColor+EVNColors.m */ = {isa = PBXFileReference; fileEncoding = 4; lastKnownFileType = sourcecode.c.objc; path = "UIColor+EVNColors.m"; sourceTree = "<group>"; };
		A4BEB5FB1AA931AC0024D731 /* AddEventSecondVC.h */ = {isa = PBXFileReference; fileEncoding = 4; lastKnownFileType = sourcecode.c.h; path = AddEventSecondVC.h; sourceTree = "<group>"; };
		A4BEB5FC1AA931AC0024D731 /* AddEventSecondVC.m */ = {isa = PBXFileReference; fileEncoding = 4; lastKnownFileType = sourcecode.c.objc; lineEnding = 0; path = AddEventSecondVC.m; sourceTree = "<group>"; xcLanguageSpecificationIdentifier = xcode.lang.objc; };
		A4C2C1351ACEB4FB004C7F35 /* EventObject.h */ = {isa = PBXFileReference; fileEncoding = 4; lastKnownFileType = sourcecode.c.h; lineEnding = 0; path = EventObject.h; sourceTree = "<group>"; xcLanguageSpecificationIdentifier = xcode.lang.objcpp; };
		A4C2C1361ACEB4FB004C7F35 /* EventObject.m */ = {isa = PBXFileReference; fileEncoding = 4; lastKnownFileType = sourcecode.c.objc; lineEnding = 0; path = EventObject.m; sourceTree = "<group>"; xcLanguageSpecificationIdentifier = xcode.lang.objc; };
		A4C4EDC11A94E85D000BC3AD /* IDTTransitionController.h */ = {isa = PBXFileReference; fileEncoding = 4; lastKnownFileType = sourcecode.c.h; path = IDTTransitionController.h; sourceTree = "<group>"; };
		A4C4EDC21A94E85D000BC3AD /* IDTTransitionController.m */ = {isa = PBXFileReference; fileEncoding = 4; lastKnownFileType = sourcecode.c.objc; path = IDTTransitionController.m; sourceTree = "<group>"; };
		A4C4EDC31A94E85D000BC3AD /* IDTTransitioningDelegate.h */ = {isa = PBXFileReference; fileEncoding = 4; lastKnownFileType = sourcecode.c.h; path = IDTTransitioningDelegate.h; sourceTree = "<group>"; };
		A4C4EDC41A94E85D000BC3AD /* IDTTransitioningDelegate.m */ = {isa = PBXFileReference; fileEncoding = 4; lastKnownFileType = sourcecode.c.objc; path = IDTTransitioningDelegate.m; sourceTree = "<group>"; };
		A4C4EDC81A94EB0E000BC3AD /* ResetPasswordModalVC.h */ = {isa = PBXFileReference; fileEncoding = 4; lastKnownFileType = sourcecode.c.h; path = ResetPasswordModalVC.h; sourceTree = "<group>"; };
		A4C4EDC91A94EB0E000BC3AD /* ResetPasswordModalVC.m */ = {isa = PBXFileReference; fileEncoding = 4; lastKnownFileType = sourcecode.c.objc; lineEnding = 0; path = ResetPasswordModalVC.m; sourceTree = "<group>"; xcLanguageSpecificationIdentifier = xcode.lang.objc; };
		A4C4EDCB1A95118C000BC3AD /* Lato-Bold.ttf */ = {isa = PBXFileReference; lastKnownFileType = file; path = "Lato-Bold.ttf"; sourceTree = "<group>"; };
		A4C4EDCC1A95118C000BC3AD /* Lato-Light.ttf */ = {isa = PBXFileReference; lastKnownFileType = file; path = "Lato-Light.ttf"; sourceTree = "<group>"; };
		A4C4EDCD1A95118C000BC3AD /* Lato-Regular.ttf */ = {isa = PBXFileReference; lastKnownFileType = file; path = "Lato-Regular.ttf"; sourceTree = "<group>"; };
		A4C4EDCE1A95118C000BC3AD /* Lato-Thin.ttf */ = {isa = PBXFileReference; lastKnownFileType = file; path = "Lato-Thin.ttf"; sourceTree = "<group>"; };
		A4C4EDD41A95186A000BC3AD /* InitialScreenVC.h */ = {isa = PBXFileReference; fileEncoding = 4; lastKnownFileType = sourcecode.c.h; path = InitialScreenVC.h; sourceTree = "<group>"; };
		A4C4EDD71A9538FB000BC3AD /* TabNavigationVC.h */ = {isa = PBXFileReference; fileEncoding = 4; lastKnownFileType = sourcecode.c.h; path = TabNavigationVC.h; sourceTree = "<group>"; };
		A4C4EDD81A9538FB000BC3AD /* TabNavigationVC.m */ = {isa = PBXFileReference; fileEncoding = 4; lastKnownFileType = sourcecode.c.objc; lineEnding = 0; path = TabNavigationVC.m; sourceTree = "<group>"; xcLanguageSpecificationIdentifier = xcode.lang.objc; };
		A4CB0A401A92BB9F00E88E4C /* EditProfileVC.h */ = {isa = PBXFileReference; fileEncoding = 4; lastKnownFileType = sourcecode.c.h; path = EditProfileVC.h; sourceTree = "<group>"; };
		A4CB0A411A92BB9F00E88E4C /* EditProfileVC.m */ = {isa = PBXFileReference; fileEncoding = 4; lastKnownFileType = sourcecode.c.objc; lineEnding = 0; path = EditProfileVC.m; sourceTree = "<group>"; xcLanguageSpecificationIdentifier = xcode.lang.objc; };
		A4CC92741AFBAA83005EA199 /* EVNLocationSearchVC.h */ = {isa = PBXFileReference; fileEncoding = 4; lastKnownFileType = sourcecode.c.h; path = EVNLocationSearchVC.h; sourceTree = "<group>"; };
		A4CC92751AFBAA83005EA199 /* EVNLocationSearchVC.m */ = {isa = PBXFileReference; fileEncoding = 4; lastKnownFileType = sourcecode.c.objc; path = EVNLocationSearchVC.m; sourceTree = "<group>"; };
		A4CEF7531AB1DB11002F02C8 /* FBShimmering-Prefix.pch */ = {isa = PBXFileReference; fileEncoding = 4; lastKnownFileType = sourcecode.c.h; path = "FBShimmering-Prefix.pch"; sourceTree = "<group>"; };
		A4CEF7541AB1DB11002F02C8 /* FBShimmering.h */ = {isa = PBXFileReference; fileEncoding = 4; lastKnownFileType = sourcecode.c.h; path = FBShimmering.h; sourceTree = "<group>"; };
		A4CEF7551AB1DB11002F02C8 /* FBShimmeringLayer.h */ = {isa = PBXFileReference; fileEncoding = 4; lastKnownFileType = sourcecode.c.h; path = FBShimmeringLayer.h; sourceTree = "<group>"; };
		A4CEF7561AB1DB11002F02C8 /* FBShimmeringLayer.m */ = {isa = PBXFileReference; fileEncoding = 4; lastKnownFileType = sourcecode.c.objc; path = FBShimmeringLayer.m; sourceTree = "<group>"; };
		A4CEF7571AB1DB11002F02C8 /* FBShimmeringView.h */ = {isa = PBXFileReference; fileEncoding = 4; lastKnownFileType = sourcecode.c.h; path = FBShimmeringView.h; sourceTree = "<group>"; };
		A4CEF7581AB1DB11002F02C8 /* FBShimmeringView.m */ = {isa = PBXFileReference; fileEncoding = 4; lastKnownFileType = sourcecode.c.objc; path = FBShimmeringView.m; sourceTree = "<group>"; };
		A4D72FB31AAA175E00488D8D /* IDTTransitionControllerTab.h */ = {isa = PBXFileReference; fileEncoding = 4; lastKnownFileType = sourcecode.c.h; path = IDTTransitionControllerTab.h; sourceTree = "<group>"; };
		A4D72FB41AAA175E00488D8D /* IDTTransitionControllerTab.m */ = {isa = PBXFileReference; fileEncoding = 4; lastKnownFileType = sourcecode.c.objc; path = IDTTransitionControllerTab.m; sourceTree = "<group>"; };
		A4E130451ADFDD41002E0862 /* EVNCommentsTableCell.h */ = {isa = PBXFileReference; fileEncoding = 4; lastKnownFileType = sourcecode.c.h; path = EVNCommentsTableCell.h; sourceTree = "<group>"; };
		A4E130461ADFDD41002E0862 /* EVNCommentsTableCell.m */ = {isa = PBXFileReference; fileEncoding = 4; lastKnownFileType = sourcecode.c.objc; path = EVNCommentsTableCell.m; sourceTree = "<group>"; };
		A4E130471ADFDD41002E0862 /* EVNCommentsTableCell.xib */ = {isa = PBXFileReference; fileEncoding = 4; lastKnownFileType = file.xib; path = EVNCommentsTableCell.xib; sourceTree = "<group>"; };
		A4E436BB1A9EAC3B002EAAB0 /* NewUserFacebookVC.h */ = {isa = PBXFileReference; fileEncoding = 4; lastKnownFileType = sourcecode.c.h; path = NewUserFacebookVC.h; sourceTree = "<group>"; };
		A4E436BC1A9EAC3B002EAAB0 /* NewUserFacebookVC.m */ = {isa = PBXFileReference; fileEncoding = 4; lastKnownFileType = sourcecode.c.objc; lineEnding = 0; path = NewUserFacebookVC.m; sourceTree = "<group>"; xcLanguageSpecificationIdentifier = xcode.lang.objc; };
		A4E4B6AF1ADEB60F00D38358 /* CommentsTableSource.h */ = {isa = PBXFileReference; fileEncoding = 4; lastKnownFileType = sourcecode.c.h; path = CommentsTableSource.h; sourceTree = "<group>"; };
		A4E4B6B01ADEB60F00D38358 /* CommentsTableSource.m */ = {isa = PBXFileReference; fileEncoding = 4; lastKnownFileType = sourcecode.c.objc; path = CommentsTableSource.m; sourceTree = "<group>"; };
		A4E4B6B21ADEE01B00D38358 /* EVNAddCommentVC.h */ = {isa = PBXFileReference; fileEncoding = 4; lastKnownFileType = sourcecode.c.h; path = EVNAddCommentVC.h; sourceTree = "<group>"; };
		A4E4B6B31ADEE01B00D38358 /* EVNAddCommentVC.m */ = {isa = PBXFileReference; fileEncoding = 4; lastKnownFileType = sourcecode.c.objc; path = EVNAddCommentVC.m; sourceTree = "<group>"; };
		A4E5D4BC1AA8CA0C00E86410 /* GoogleResult.h */ = {isa = PBXFileReference; fileEncoding = 4; lastKnownFileType = sourcecode.c.h; path = GoogleResult.h; sourceTree = "<group>"; };
		A4E5D4BD1AA8CA0C00E86410 /* GoogleResult.m */ = {isa = PBXFileReference; fileEncoding = 4; lastKnownFileType = sourcecode.c.objc; path = GoogleResult.m; sourceTree = "<group>"; };
		A4F2B5F41B31C2F00006A82F /* EVNFullWebViewController.h */ = {isa = PBXFileReference; fileEncoding = 4; lastKnownFileType = sourcecode.c.h; path = EVNFullWebViewController.h; sourceTree = "<group>"; };
		A4F2B5F51B31C2F00006A82F /* EVNFullWebViewController.m */ = {isa = PBXFileReference; fileEncoding = 4; lastKnownFileType = sourcecode.c.objc; path = EVNFullWebViewController.m; sourceTree = "<group>"; };
		A4F2E9A91A7AB4CE00614412 /* PeopleVC.h */ = {isa = PBXFileReference; fileEncoding = 4; lastKnownFileType = sourcecode.c.h; lineEnding = 0; path = PeopleVC.h; sourceTree = "<group>"; xcLanguageSpecificationIdentifier = xcode.lang.objcpp; };
		A4F2E9AA1A7AB4CE00614412 /* PeopleVC.m */ = {isa = PBXFileReference; fileEncoding = 4; lastKnownFileType = sourcecode.c.objc; lineEnding = 0; path = PeopleVC.m; sourceTree = "<group>"; xcLanguageSpecificationIdentifier = xcode.lang.objc; };
		A4F2E9B01A7ABDF400614412 /* PersonCell.h */ = {isa = PBXFileReference; fileEncoding = 4; lastKnownFileType = sourcecode.c.h; path = PersonCell.h; sourceTree = "<group>"; };
		A4F2E9B11A7ABDF400614412 /* PersonCell.m */ = {isa = PBXFileReference; fileEncoding = 4; lastKnownFileType = sourcecode.c.objc; path = PersonCell.m; sourceTree = "<group>"; };
		A4F2E9B31A7AF5CF00614412 /* EVNUtility.h */ = {isa = PBXFileReference; fileEncoding = 4; lastKnownFileType = sourcecode.c.h; path = EVNUtility.h; sourceTree = "<group>"; };
		A4F2E9B41A7AF5CF00614412 /* EVNUtility.m */ = {isa = PBXFileReference; fileEncoding = 4; lastKnownFileType = sourcecode.c.objc; path = EVNUtility.m; sourceTree = "<group>"; };
		A4F2E9B61A7AF65800614412 /* EVNConstants.h */ = {isa = PBXFileReference; fileEncoding = 4; lastKnownFileType = sourcecode.c.h; lineEnding = 0; path = EVNConstants.h; sourceTree = "<group>"; xcLanguageSpecificationIdentifier = xcode.lang.objcpp; };
		A4F2E9B71A7AF65800614412 /* EVNConstants.m */ = {isa = PBXFileReference; fileEncoding = 4; lastKnownFileType = sourcecode.c.objc; lineEnding = 0; path = EVNConstants.m; sourceTree = "<group>"; xcLanguageSpecificationIdentifier = xcode.lang.objc; };
		A4F612D41A8E5A9600D52B88 /* AddressBookUI.framework */ = {isa = PBXFileReference; lastKnownFileType = wrapper.framework; name = AddressBookUI.framework; path = System/Library/Frameworks/AddressBookUI.framework; sourceTree = SDKROOT; };
		A4F6C4BF1AA6317C001C68BA /* PictureFullScreenVC.h */ = {isa = PBXFileReference; fileEncoding = 4; lastKnownFileType = sourcecode.c.h; path = PictureFullScreenVC.h; sourceTree = "<group>"; };
		A4F6C4C01AA6317C001C68BA /* PictureFullScreenVC.m */ = {isa = PBXFileReference; fileEncoding = 4; lastKnownFileType = sourcecode.c.objc; path = PictureFullScreenVC.m; sourceTree = "<group>"; };
/* End PBXFileReference section */

/* Begin PBXFrameworksBuildPhase section */
		A41562BE1A767D3A00565BB6 /* Frameworks */ = {
			isa = PBXFrameworksBuildPhase;
			buildActionMask = 2147483647;
			files = (
				A47584321ADBF4310065196D /* libstdc++.6.dylib in Frameworks */,
				A4F612D51A8E5A9600D52B88 /* AddressBookUI.framework in Frameworks */,
				A49B7E141B418EC400379354 /* FBSDKCoreKit.framework in Frameworks */,
				A488B35C1A801FE800738B4F /* MapKit.framework in Frameworks */,
				A44BB89E1A78334700735C93 /* SystemConfiguration.framework in Frameworks */,
				A44BB89D1A78333F00735C93 /* StoreKit.framework in Frameworks */,
				A44DAF861B45B46600475F1D /* FBSDKShareKit.framework in Frameworks */,
				A4035FD51A78534400DB67E4 /* ParseUI.framework in Frameworks */,
				A44BB89C1A78333A00735C93 /* Security.framework in Frameworks */,
				A44BB89B1A78333400735C93 /* QuartzCore.framework in Frameworks */,
				A44BB89A1A78332F00735C93 /* MobileCoreServices.framework in Frameworks */,
				A47584301ADBF3E50065196D /* ParseCrashReporting.framework in Frameworks */,
				A49B7E181B41A03C00379354 /* FBSDKLoginKit.framework in Frameworks */,
				A44BB8991A78332800735C93 /* CFNetwork.framework in Frameworks */,
				A44BB8981A78331E00735C93 /* CoreGraphics.framework in Frameworks */,
				A44BB8971A7832F600735C93 /* CoreLocation.framework in Frameworks */,
				A49B7E161B41939400379354 /* ParseFacebookUtilsV4.framework in Frameworks */,
				A44BB8961A7832EA00735C93 /* AudioToolbox.framework in Frameworks */,
				A41563381A76890E00565BB6 /* libsqlite3.dylib in Frameworks */,
				A41563361A76890200565BB6 /* libz.dylib in Frameworks */,
				A41563221A76885500565BB6 /* Parse.framework in Frameworks */,
				A41563211A76885400565BB6 /* Bolts.framework in Frameworks */,
			);
			runOnlyForDeploymentPostprocessing = 0;
		};
		A41562D71A767D3A00565BB6 /* Frameworks */ = {
			isa = PBXFrameworksBuildPhase;
			buildActionMask = 2147483647;
			files = (
			);
			runOnlyForDeploymentPostprocessing = 0;
		};
/* End PBXFrameworksBuildPhase section */

/* Begin PBXGroup section */
		A41562B81A767D3A00565BB6 = {
			isa = PBXGroup;
			children = (
				A41562C31A767D3A00565BB6 /* EVNTR */,
				A41562DD1A767D3A00565BB6 /* EVNTRTests */,
				A41562C21A767D3A00565BB6 /* Products */,
				A41563391A768AC700565BB6 /* Frameworks */,
			);
			sourceTree = "<group>";
		};
		A41562C21A767D3A00565BB6 /* Products */ = {
			isa = PBXGroup;
			children = (
				A41562C11A767D3A00565BB6 /* Evntr.app */,
				A41562DA1A767D3A00565BB6 /* EVNTRTests.xctest */,
			);
			name = Products;
			sourceTree = "<group>";
		};
		A41562C31A767D3A00565BB6 /* EVNTR */ = {
			isa = PBXGroup;
			children = (
				A41562C81A767D3A00565BB6 /* AppDelegate.h */,
				A41562C91A767D3A00565BB6 /* AppDelegate.m */,
				A48EEFEF1A799E5C007145E3 /* Main.storyboard */,
				A41562D31A767D3A00565BB6 /* LaunchScreen.xib */,
				A4F2E9A71A7A811C00614412 /* Login Flow */,
				A49A9E2A1AAE456C00358D65 /* Main Content */,
				A424B3711B3C4072004562CA /* Invite */,
				A4F2E9A61A7A806A00614412 /* Navigation - Utility */,
				A41562D11A767D3A00565BB6 /* Images.xcassets */,
				A4C4EDD31A95119C000BC3AD /* Resources */,
				A41562C41A767D3A00565BB6 /* Supporting Files */,
				A465A91F1B4AC3AB00700F1C /* EVNGradientView.h */,
				A465A9201B4AC3AB00700F1C /* EVNGradientView.m */,
			);
			path = EVNTR;
			sourceTree = "<group>";
		};
		A41562C41A767D3A00565BB6 /* Supporting Files */ = {
			isa = PBXGroup;
			children = (
				A41562C51A767D3A00565BB6 /* Info.plist */,
				A41562C61A767D3A00565BB6 /* main.m */,
			);
			name = "Supporting Files";
			sourceTree = "<group>";
		};
		A41562DD1A767D3A00565BB6 /* EVNTRTests */ = {
			isa = PBXGroup;
			children = (
				A41562E01A767D3A00565BB6 /* EVNTRTests.m */,
				A41562DE1A767D3A00565BB6 /* Supporting Files */,
			);
			path = EVNTRTests;
			sourceTree = "<group>";
		};
		A41562DE1A767D3A00565BB6 /* Supporting Files */ = {
			isa = PBXGroup;
			children = (
				A41562DF1A767D3A00565BB6 /* Info.plist */,
			);
			name = "Supporting Files";
			sourceTree = "<group>";
		};
		A41563391A768AC700565BB6 /* Frameworks */ = {
			isa = PBXGroup;
			children = (
				A47584311ADBF4310065196D /* libstdc++.6.dylib */,
				A475842F1ADBF3E50065196D /* ParseCrashReporting.framework */,
				A49B7E131B418EC400379354 /* FBSDKCoreKit.framework */,
				A49B7E171B41A03C00379354 /* FBSDKLoginKit.framework */,
				A4F612D41A8E5A9600D52B88 /* AddressBookUI.framework */,
				A44DAF851B45B46600475F1D /* FBSDKShareKit.framework */,
				A49B7E151B41939400379354 /* ParseFacebookUtilsV4.framework */,
				A488B35B1A801FE800738B4F /* MapKit.framework */,
				A4035FD41A78534400DB67E4 /* ParseUI.framework */,
				A41563371A76890E00565BB6 /* libsqlite3.dylib */,
				A41563351A76890200565BB6 /* libz.dylib */,
				A41563331A7688F800565BB6 /* SystemConfiguration.framework */,
				A41563311A7688F000565BB6 /* StoreKit.framework */,
				A415632F1A7688E900565BB6 /* Security.framework */,
				A415632D1A7688E200565BB6 /* QuartzCore.framework */,
				A415632B1A7688DB00565BB6 /* MobileCoreServices.framework */,
				A41563291A7688D300565BB6 /* CoreLocation.framework */,
				A41563271A7688CC00565BB6 /* CoreGraphics.framework */,
				A41563251A7688C300565BB6 /* CFNetwork.framework */,
				A41563231A7688BB00565BB6 /* AudioToolbox.framework */,
				A415631F1A76885400565BB6 /* Bolts.framework */,
				A41563201A76885400565BB6 /* Parse.framework */,
			);
			name = Frameworks;
			path = EVNTR;
			sourceTree = "<group>";
		};
		A423F7EF1A9BC4D800DF9ABE /* UI Elements */ = {
			isa = PBXGroup;
			children = (
				A47430681A8155AD00CF3B8F /* ActivityTableCell.h */,
				A47430691A8155AD00CF3B8F /* ActivityTableCell.m */,
				A47DC0781AF7D19C00D245A8 /* EVNNotifcationsTitleView.h */,
				A47DC0791AF7D19C00D245A8 /* EVNNotifcationsTitleView.m */,
				A41352531A81B80200034222 /* ImageViewPFExtended.h */,
				A41352541A81B80200034222 /* ImageViewPFExtended.m */,
				A423F7EC1A9BC46600DF9ABE /* EVNButtonExtended.h */,
				A423F7ED1A9BC46600DF9ABE /* EVNButtonExtended.m */,
			);
			name = "UI Elements";
			sourceTree = "<group>";
		};
		A424B3711B3C4072004562CA /* Invite */ = {
			isa = PBXGroup;
			children = (
				A424B36E1B3C3822004562CA /* EVNInviteContainerVC.h */,
				A424B36F1B3C3822004562CA /* EVNInviteContainerVC.m */,
				A43454441B3AEDD00001A4AA /* EVNConnectFBFriendsVC.h */,
				A43454451B3AEDD00001A4AA /* EVNConnectFBFriendsVC.m */,
				A424B3731B3C40CE004562CA /* EVNInviteContactsVC.h */,
				A424B3741B3C40CE004562CA /* EVNInviteContactsVC.m */,
				A4ABFFEB1B46C8CA00B2FDBB /* EVNInviteFBFriendsVC.h */,
				A4ABFFEC1B46C8CA00B2FDBB /* EVNInviteFBFriendsVC.m */,
				A424B3721B3C408C004562CA /* UIViews */,
			);
			name = Invite;
			sourceTree = "<group>";
		};
		A424B3721B3C408C004562CA /* UIViews */ = {
			isa = PBXGroup;
			children = (
				A43454471B3B2DB30001A4AA /* EVNFacebookFriendCell.h */,
				A43454481B3B2DB30001A4AA /* EVNFacebookFriendCell.m */,
				A424B3761B3C6148004562CA /* EVNInviteContainerHeaderView.h */,
				A424B3771B3C6148004562CA /* EVNInviteContainerHeaderView.m */,
			);
			name = UIViews;
			sourceTree = "<group>";
		};
		A425A1D11AE585DE00AF26E6 /* Global UI Elements */ = {
			isa = PBXGroup;
			children = (
				A45638CB1ABB4693009D3BCC /* EVNNoResultsView.h */,
				A45638CC1ABB4693009D3BCC /* EVNNoResultsView.m */,
				A4B2BC5D1AB870370004B084 /* EVNButton.h */,
				A4B2BC5E1AB870370004B084 /* EVNButton.m */,
			);
			name = "Global UI Elements";
			sourceTree = "<group>";
		};
		A425A1D21AE585FE00AF26E6 /* Register */ = {
			isa = PBXGroup;
			children = (
				A415633D1A769FDE00565BB6 /* SignUpVC.h */,
				A415633E1A769FDE00565BB6 /* SignUpVC.m */,
				A4E436BB1A9EAC3B002EAAB0 /* NewUserFacebookVC.h */,
				A4E436BC1A9EAC3B002EAAB0 /* NewUserFacebookVC.m */,
			);
			name = Register;
			sourceTree = "<group>";
		};
		A425A1D31AE5865600AF26E6 /* UI Elements */ = {
			isa = PBXGroup;
			children = (
				A4F2E9B01A7ABDF400614412 /* PersonCell.h */,
				A4F2E9B11A7ABDF400614412 /* PersonCell.m */,
			);
			name = "UI Elements";
			sourceTree = "<group>";
		};
		A425A1D41AE5868B00AF26E6 /* Add Event Flow */ = {
			isa = PBXGroup;
			children = (
				A44661141AA7589C00E6C3C6 /* AddEventPrimaryVC.h */,
				A44661151AA7589C00E6C3C6 /* AddEventPrimaryVC.m */,
				A4BEB5FB1AA931AC0024D731 /* AddEventSecondVC.h */,
				A4BEB5FC1AA931AC0024D731 /* AddEventSecondVC.m */,
			);
			name = "Add Event Flow";
			sourceTree = "<group>";
		};
		A425A1D61AE586D000AF26E6 /* Comments */ = {
			isa = PBXGroup;
			children = (
				A4E4B6B21ADEE01B00D38358 /* EVNAddCommentVC.h */,
				A4E4B6B31ADEE01B00D38358 /* EVNAddCommentVC.m */,
				A4E130451ADFDD41002E0862 /* EVNCommentsTableCell.h */,
				A4E130461ADFDD41002E0862 /* EVNCommentsTableCell.m */,
				A4E130471ADFDD41002E0862 /* EVNCommentsTableCell.xib */,
				A4E4B6AF1ADEB60F00D38358 /* CommentsTableSource.h */,
				A4E4B6B01ADEB60F00D38358 /* CommentsTableSource.m */,
			);
			name = Comments;
			sourceTree = "<group>";
		};
		A425A1D71AE586E600AF26E6 /* Pictures */ = {
			isa = PBXGroup;
			children = (
				A45638C81ABA2122009D3BCC /* EventPicturesVC.h */,
				A45638C91ABA2122009D3BCC /* EventPicturesVC.m */,
				A4F6C4BF1AA6317C001C68BA /* PictureFullScreenVC.h */,
				A4F6C4C01AA6317C001C68BA /* PictureFullScreenVC.m */,
			);
			name = Pictures;
			sourceTree = "<group>";
		};
		A425A1D81AE586EE00AF26E6 /* Maps */ = {
			isa = PBXGroup;
			children = (
				A4628CF81AB77C4B00EBD959 /* FullMapVC.h */,
				A4628CF91AB77C4B00EBD959 /* FullMapVC.m */,
				A45638C51AB9B8AB009D3BCC /* MapForEventView.h */,
				A45638C61AB9B8AB009D3BCC /* MapForEventView.m */,
			);
			name = Maps;
			sourceTree = "<group>";
		};
		A4547E631B0E409F008A6C5B /* Category Extensions */ = {
			isa = PBXGroup;
			children = (
				A4BB74F01A965095005E9CCA /* UIColor+EVNColors.h */,
				A4BB74F11A965095005E9CCA /* UIColor+EVNColors.m */,
				A4A1850A1AE91DC00009AC43 /* UIImage+EVNEffects.h */,
				A4A1850B1AE91DC00009AC43 /* UIImage+EVNEffects.m */,
			);
			name = "Category Extensions";
			sourceTree = "<group>";
		};
		A4547E641B0E43CD008A6C5B /* Search Feature */ = {
			isa = PBXGroup;
			children = (
				A423F7F01A9BFF0900DF9ABE /* SearchVC.h */,
				A423F7F11A9BFF0900DF9ABE /* SearchVC.m */,
				A4B6FB1C1AB365C80033A3A1 /* SearchHeaderView.h */,
				A4B6FB1D1AB365C80033A3A1 /* SearchHeaderView.m */,
			);
			name = "Search Feature";
			sourceTree = "<group>";
		};
		A4547E651B0E43D7008A6C5B /* Filter Feature */ = {
			isa = PBXGroup;
			children = (
				A4B6FB191AB349940033A3A1 /* FilterEventsVC.h */,
				A4B6FB1A1AB349950033A3A1 /* FilterEventsVC.m */,
			);
			name = "Filter Feature";
			sourceTree = "<group>";
		};
		A474306B1A8155C700CF3B8F /* Events */ = {
			isa = PBXGroup;
			children = (
				A49A9E301AAE48CF00358D65 /* All Events */,
				A49A9E2F1AAE48A300358D65 /* Event Details */,
				A49A9E2D1AAE484400358D65 /* Add Event */,
			);
			name = Events;
			sourceTree = "<group>";
		};
		A474306C1A8155CC00CF3B8F /* People */ = {
			isa = PBXGroup;
			children = (
				A415634A1A76EF3A00565BB6 /* ProfileVC.h */,
				A415634B1A76EF3A00565BB6 /* ProfileVC.m */,
				A4CB0A401A92BB9F00E88E4C /* EditProfileVC.h */,
				A4CB0A411A92BB9F00E88E4C /* EditProfileVC.m */,
				A4F2E9A91A7AB4CE00614412 /* PeopleVC.h */,
				A4F2E9AA1A7AB4CE00614412 /* PeopleVC.m */,
				A425A1D31AE5865600AF26E6 /* UI Elements */,
			);
			name = People;
			sourceTree = "<group>";
		};
		A474306E1A81563400CF3B8F /* Activities */ = {
			isa = PBXGroup;
			children = (
				A47430651A81556C00CF3B8F /* ActivityVC.h */,
				A47430661A81556C00CF3B8F /* ActivityVC.m */,
				A423F7EF1A9BC4D800DF9ABE /* UI Elements */,
			);
			name = Activities;
			sourceTree = "<group>";
		};
		A497BD9E1AD54A2600619BF4 /* Walkthrough - Guest */ = {
			isa = PBXGroup;
			children = (
				A41812991AA0BFA200317B0C /* GuestWelcomeVC.h */,
				A418129A1AA0BFA200317B0C /* GuestWelcomeVC.m */,
				A4B68BC21AEE7F4D003EB822 /* WalkthroughScreensPVC.h */,
				A4B68BC31AEE7F4D003EB822 /* WalkthroughScreensPVC.m */,
			);
			name = "Walkthrough - Guest";
			sourceTree = "<group>";
		};
		A49A9E2A1AAE456C00358D65 /* Main Content */ = {
			isa = PBXGroup;
			children = (
				A4C2C1351ACEB4FB004C7F35 /* EventObject.h */,
				A4C2C1361ACEB4FB004C7F35 /* EventObject.m */,
				A430EE081AF264B30090ECB6 /* EVNUser.h */,
				A430EE091AF264B30090ECB6 /* EVNUser.m */,
				A474306B1A8155C700CF3B8F /* Events */,
				A474306E1A81563400CF3B8F /* Activities */,
				A474306C1A8155CC00CF3B8F /* People */,
			);
			name = "Main Content";
			sourceTree = "<group>";
		};
		A49A9E2B1AAE479300358D65 /* Third Party Code */ = {
			isa = PBXGroup;
			children = (
				A47B7FE61B4577340061447A /* UICountingLabel.h */,
				A47B7FE71B4577340061447A /* UICountingLabel.m */,
				A4CEF7521AB1DB11002F02C8 /* FBShimmering */,
				A423F7E91A9B8DC100DF9ABE /* NSDate+NVTimeAgo.h */,
				A423F7EA1A9B8DC100DF9ABE /* NSDate+NVTimeAgo.m */,
				A46DB25A1AAE7B0500208973 /* MBProgressHUD.h */,
				A46DB25B1AAE7B0500208973 /* MBProgressHUD.m */,
				A463633A1A9D00F100AD461D /* UIImageEffects.h */,
				A463633B1A9D00F100AD461D /* UIImageEffects.m */,
			);
			name = "Third Party Code";
			sourceTree = "<group>";
		};
		A49A9E2C1AAE47D400358D65 /* Login */ = {
			isa = PBXGroup;
			children = (
				A41563401A76ACC000565BB6 /* LogInVC.h */,
				A41563411A76ACC000565BB6 /* LogInVC.m */,
				A4C4EDC81A94EB0E000BC3AD /* ResetPasswordModalVC.h */,
				A4C4EDC91A94EB0E000BC3AD /* ResetPasswordModalVC.m */,
			);
			name = Login;
			sourceTree = "<group>";
		};
		A49A9E2D1AAE484400358D65 /* Add Event */ = {
			isa = PBXGroup;
			children = (
				A425A1D41AE5868B00AF26E6 /* Add Event Flow */,
				A49A9E2E1AAE487D00358D65 /* Set Location */,
			);
			name = "Add Event";
			sourceTree = "<group>";
		};
		A49A9E2E1AAE487D00358D65 /* Set Location */ = {
			isa = PBXGroup;
			children = (
				A4CC92741AFBAA83005EA199 /* EVNLocationSearchVC.h */,
				A4CC92751AFBAA83005EA199 /* EVNLocationSearchVC.m */,
				A40443611B04D06200F36C6A /* EVNMapAnnotation.h */,
				A40443621B04D06200F36C6A /* EVNMapAnnotation.m */,
				A4E5D4BC1AA8CA0C00E86410 /* GoogleResult.h */,
				A4E5D4BD1AA8CA0C00E86410 /* GoogleResult.m */,
			);
			name = "Set Location";
			sourceTree = "<group>";
		};
		A49A9E2F1AAE48A300358D65 /* Event Details */ = {
			isa = PBXGroup;
			children = (
				A48EEFEC1A797B82007145E3 /* EventDetailVC.h */,
				A495B0D61B382FBF005C96E5 /* EventDetailVC.m */,
				A425A1D61AE586D000AF26E6 /* Comments */,
				A425A1D71AE586E600AF26E6 /* Pictures */,
				A425A1D81AE586EE00AF26E6 /* Maps */,
				A49F19B41B1374E20097FD88 /* UI Elements */,
			);
			name = "Event Details";
			sourceTree = "<group>";
		};
		A49A9E301AAE48CF00358D65 /* All Events */ = {
			isa = PBXGroup;
			children = (
				A415633A1A768B9700565BB6 /* HomeScreenVC.h */,
				A415633B1A768B9700565BB6 /* HomeScreenVC.m */,
				A4547E641B0E43CD008A6C5B /* Search Feature */,
				A4547E651B0E43D7008A6C5B /* Filter Feature */,
				A4035FD61A786ACF00DB67E4 /* EventTableCell.h */,
				A4035FD71A786ACF00DB67E4 /* EventTableCell.m */,
			);
			name = "All Events";
			sourceTree = "<group>";
		};
		A49F19B41B1374E20097FD88 /* UI Elements */ = {
			isa = PBXGroup;
			children = (
				A49A9E271AAE26D900358D65 /* StandbyCollectionViewCell.h */,
				A49A9E281AAE26D900358D65 /* StandbyCollectionViewCell.m */,
			);
			name = "UI Elements";
			sourceTree = "<group>";
		};
		A4C4EDC71A94E862000BC3AD /* Transitioning Controllers */ = {
			isa = PBXGroup;
			children = (
				A4D72FB31AAA175E00488D8D /* IDTTransitionControllerTab.h */,
				A4D72FB41AAA175E00488D8D /* IDTTransitionControllerTab.m */,
				A4C4EDC11A94E85D000BC3AD /* IDTTransitionController.h */,
				A4C4EDC21A94E85D000BC3AD /* IDTTransitionController.m */,
				A4C4EDC31A94E85D000BC3AD /* IDTTransitioningDelegate.h */,
				A4C4EDC41A94E85D000BC3AD /* IDTTransitioningDelegate.m */,
			);
			name = "Transitioning Controllers";
			sourceTree = "<group>";
		};
		A4C4EDD31A95119C000BC3AD /* Resources */ = {
			isa = PBXGroup;
			children = (
				A45ACFF51B1BE76100BA8AF3 /* evntrBackground.mov */,
				A4C4EDCB1A95118C000BC3AD /* Lato-Bold.ttf */,
				A4C4EDCC1A95118C000BC3AD /* Lato-Light.ttf */,
				A4C4EDCD1A95118C000BC3AD /* Lato-Regular.ttf */,
				A4C4EDCE1A95118C000BC3AD /* Lato-Thin.ttf */,
			);
			name = Resources;
			sourceTree = "<group>";
		};
		A4CEF7521AB1DB11002F02C8 /* FBShimmering */ = {
			isa = PBXGroup;
			children = (
				A4CEF7531AB1DB11002F02C8 /* FBShimmering-Prefix.pch */,
				A4CEF7541AB1DB11002F02C8 /* FBShimmering.h */,
				A4CEF7551AB1DB11002F02C8 /* FBShimmeringLayer.h */,
				A4CEF7561AB1DB11002F02C8 /* FBShimmeringLayer.m */,
				A4CEF7571AB1DB11002F02C8 /* FBShimmeringView.h */,
				A4CEF7581AB1DB11002F02C8 /* FBShimmeringView.m */,
			);
			path = FBShimmering;
			sourceTree = "<group>";
		};
		A4F2E9A61A7A806A00614412 /* Navigation - Utility */ = {
			isa = PBXGroup;
			children = (
				A4F2E9B61A7AF65800614412 /* EVNConstants.h */,
				A4F2E9B71A7AF65800614412 /* EVNConstants.m */,
				A4F2E9B31A7AF5CF00614412 /* EVNUtility.h */,
				A4F2E9B41A7AF5CF00614412 /* EVNUtility.m */,
				A425A1D11AE585DE00AF26E6 /* Global UI Elements */,
				A4C4EDC71A94E862000BC3AD /* Transitioning Controllers */,
				A4547E631B0E409F008A6C5B /* Category Extensions */,
				A4C4EDD71A9538FB000BC3AD /* TabNavigationVC.h */,
				A4C4EDD81A9538FB000BC3AD /* TabNavigationVC.m */,
				A41B2A111ABCBE3F00F7CE44 /* SignUpTabVC.h */,
				A41B2A121ABCBE3F00F7CE44 /* SignUpTabVC.m */,
				A4F2B5F41B31C2F00006A82F /* EVNFullWebViewController.h */,
				A4F2B5F51B31C2F00006A82F /* EVNFullWebViewController.m */,
				A4B24D421A7709D200B4C3A6 /* SettingsVC.h */,
				A4B24D431A7709D200B4C3A6 /* SettingsVC.m */,
				A49A9E2B1AAE479300358D65 /* Third Party Code */,
			);
			name = "Navigation - Utility";
			sourceTree = "<group>";
		};
		A4F2E9A71A7A811C00614412 /* Login Flow */ = {
			isa = PBXGroup;
			children = (
				A43C57921AF15B48008E8EA2 /* SplashScreenVC.h */,
				A43C57931AF15B48008E8EA2 /* SplashScreenVC.m */,
				A4C4EDD41A95186A000BC3AD /* InitialScreenVC.h */,
				A459AE151B14E5C800EB6FEF /* InitialScreenVC.m */,
				A499CCEC1B4C3DF1000A7271 /* EVNLoginBaseVC.h */,
				A499CCED1B4C3DF1000A7271 /* EVNLoginBaseVC.m */,
				A49A9E2C1AAE47D400358D65 /* Login */,
				A425A1D21AE585FE00AF26E6 /* Register */,
				A497BD9E1AD54A2600619BF4 /* Walkthrough - Guest */,
			);
			name = "Login Flow";
			sourceTree = "<group>";
		};
/* End PBXGroup section */

/* Begin PBXNativeTarget section */
		A41562C01A767D3A00565BB6 /* EVNTR */ = {
			isa = PBXNativeTarget;
			buildConfigurationList = A41562E41A767D3A00565BB6 /* Build configuration list for PBXNativeTarget "EVNTR" */;
			buildPhases = (
				A41562BD1A767D3A00565BB6 /* Sources */,
				A41562BE1A767D3A00565BB6 /* Frameworks */,
				A41562BF1A767D3A00565BB6 /* Resources */,
				A45534981B1DEC90001F8C34 /* ShellScript */,
			);
			buildRules = (
			);
			dependencies = (
			);
			name = EVNTR;
			productName = EVNTR;
			productReference = A41562C11A767D3A00565BB6 /* Evntr.app */;
			productType = "com.apple.product-type.application";
		};
		A41562D91A767D3A00565BB6 /* EVNTRTests */ = {
			isa = PBXNativeTarget;
			buildConfigurationList = A41562E71A767D3A00565BB6 /* Build configuration list for PBXNativeTarget "EVNTRTests" */;
			buildPhases = (
				A41562D61A767D3A00565BB6 /* Sources */,
				A41562D71A767D3A00565BB6 /* Frameworks */,
				A41562D81A767D3A00565BB6 /* Resources */,
			);
			buildRules = (
			);
			dependencies = (
				A41562DC1A767D3A00565BB6 /* PBXTargetDependency */,
			);
			name = EVNTRTests;
			productName = EVNTRTests;
			productReference = A41562DA1A767D3A00565BB6 /* EVNTRTests.xctest */;
			productType = "com.apple.product-type.bundle.unit-test";
		};
/* End PBXNativeTarget section */

/* Begin PBXProject section */
		A41562B91A767D3A00565BB6 /* Project object */ = {
			isa = PBXProject;
			attributes = {
				CLASSPREFIX = EVN;
				LastUpgradeCheck = 0610;
				ORGANIZATIONNAME = U2PrideLabs;
				TargetAttributes = {
					A41562C01A767D3A00565BB6 = {
						CreatedOnToolsVersion = 6.1.1;
						DevelopmentTeam = 2EMK38AANW;
						SystemCapabilities = {
							com.apple.BackgroundModes = {
								enabled = 1;
							};
						};
					};
					A41562D91A767D3A00565BB6 = {
						CreatedOnToolsVersion = 6.1.1;
						TestTargetID = A41562C01A767D3A00565BB6;
					};
				};
			};
			buildConfigurationList = A41562BC1A767D3A00565BB6 /* Build configuration list for PBXProject "EVNTR" */;
			compatibilityVersion = "Xcode 3.2";
			developmentRegion = English;
			hasScannedForEncodings = 0;
			knownRegions = (
				en,
				Base,
			);
			mainGroup = A41562B81A767D3A00565BB6;
			productRefGroup = A41562C21A767D3A00565BB6 /* Products */;
			projectDirPath = "";
			projectRoot = "";
			targets = (
				A41562C01A767D3A00565BB6 /* EVNTR */,
				A41562D91A767D3A00565BB6 /* EVNTRTests */,
			);
		};
/* End PBXProject section */

/* Begin PBXResourcesBuildPhase section */
		A41562BF1A767D3A00565BB6 /* Resources */ = {
			isa = PBXResourcesBuildPhase;
			buildActionMask = 2147483647;
			files = (
				A4C4EDD21A95118C000BC3AD /* Lato-Thin.ttf in Resources */,
				A4C4EDCF1A95118C000BC3AD /* Lato-Bold.ttf in Resources */,
				A45ACFF61B1BE76100BA8AF3 /* evntrBackground.mov in Resources */,
				A48EEFF01A799E5C007145E3 /* Main.storyboard in Resources */,
				A4C4EDD11A95118C000BC3AD /* Lato-Regular.ttf in Resources */,
				A4E130491ADFDD41002E0862 /* EVNCommentsTableCell.xib in Resources */,
				A41562D21A767D3A00565BB6 /* Images.xcassets in Resources */,
				A4C4EDD01A95118C000BC3AD /* Lato-Light.ttf in Resources */,
			);
			runOnlyForDeploymentPostprocessing = 0;
		};
		A41562D81A767D3A00565BB6 /* Resources */ = {
			isa = PBXResourcesBuildPhase;
			buildActionMask = 2147483647;
			files = (
			);
			runOnlyForDeploymentPostprocessing = 0;
		};
/* End PBXResourcesBuildPhase section */

/* Begin PBXShellScriptBuildPhase section */
		A45534981B1DEC90001F8C34 /* ShellScript */ = {
			isa = PBXShellScriptBuildPhase;
			buildActionMask = 2147483647;
			files = (
			);
			inputPaths = (
			);
			outputPaths = (
			);
			runOnlyForDeploymentPostprocessing = 0;
			shellPath = /bin/sh;
			shellScript = "export PATH=/usr/local/bin:$PATH\ncd /Users/U2Pride/Documents/iOS\\ Development/Evntr/EVNTR/CloudCode_Dev\n\nparse symbols -p \"${DWARF_DSYM_FOLDER_PATH}/${DWARF_DSYM_FILE_NAME}\"";
		};
/* End PBXShellScriptBuildPhase section */

/* Begin PBXSourcesBuildPhase section */
		A41562BD1A767D3A00565BB6 /* Sources */ = {
			isa = PBXSourcesBuildPhase;
			buildActionMask = 2147483647;
			files = (
				A423F7EE1A9BC46600DF9ABE /* EVNButtonExtended.m in Sources */,
				A43454491B3B2DB30001A4AA /* EVNFacebookFriendCell.m in Sources */,
				A43C57941AF15B48008E8EA2 /* SplashScreenVC.m in Sources */,
				A4F2E9B21A7ABDF400614412 /* PersonCell.m in Sources */,
				A415634C1A76EF3A00565BB6 /* ProfileVC.m in Sources */,
				A4035FD81A786ACF00DB67E4 /* EventTableCell.m in Sources */,
				A418129B1AA0BFA200317B0C /* GuestWelcomeVC.m in Sources */,
				A4C4EDC51A94E85D000BC3AD /* IDTTransitionController.m in Sources */,
				A4E130481ADFDD41002E0862 /* EVNCommentsTableCell.m in Sources */,
				A4ABFFED1B46C8CA00B2FDBB /* EVNInviteFBFriendsVC.m in Sources */,
				A49A9E291AAE26D900358D65 /* StandbyCollectionViewCell.m in Sources */,
				A4B2BC5F1AB870370004B084 /* EVNButton.m in Sources */,
				A4F2E9B51A7AF5CF00614412 /* EVNUtility.m in Sources */,
				A459AE161B14E5C800EB6FEF /* InitialScreenVC.m in Sources */,
				A4B24D441A7709D200B4C3A6 /* SettingsVC.m in Sources */,
				A4F2E9AB1A7AB4CE00614412 /* PeopleVC.m in Sources */,
				A47DC07A1AF7D19C00D245A8 /* EVNNotifcationsTitleView.m in Sources */,
				A4E5D4BE1AA8CA0C00E86410 /* GoogleResult.m in Sources */,
				A4F2E9B81A7AF65800614412 /* EVNConstants.m in Sources */,
				A474306A1A8155AD00CF3B8F /* ActivityTableCell.m in Sources */,
				A4BB74F21A965095005E9CCA /* UIColor+EVNColors.m in Sources */,
				A4F6C4C11AA6317C001C68BA /* PictureFullScreenVC.m in Sources */,
				A4E436BD1A9EAC3B002EAAB0 /* NewUserFacebookVC.m in Sources */,
				A4628CFA1AB77C4B00EBD959 /* FullMapVC.m in Sources */,
				A47430671A81556C00CF3B8F /* ActivityVC.m in Sources */,
				A4C4EDC61A94E85D000BC3AD /* IDTTransitioningDelegate.m in Sources */,
				A4E4B6B41ADEE01B00D38358 /* EVNAddCommentVC.m in Sources */,
				A423F7F21A9BFF0900DF9ABE /* SearchVC.m in Sources */,
				A423F7EB1A9B8DC100DF9ABE /* NSDate+NVTimeAgo.m in Sources */,
				A424B3751B3C40CE004562CA /* EVNInviteContactsVC.m in Sources */,
				A4C4EDCA1A94EB0E000BC3AD /* ResetPasswordModalVC.m in Sources */,
				A41562CA1A767D3A00565BB6 /* AppDelegate.m in Sources */,
				A45638CD1ABB4693009D3BCC /* EVNNoResultsView.m in Sources */,
				A4B6FB1B1AB349950033A3A1 /* FilterEventsVC.m in Sources */,
				A4CB0A421A92BB9F00E88E4C /* EditProfileVC.m in Sources */,
				A4F2B5F61B31C2F00006A82F /* EVNFullWebViewController.m in Sources */,
				A45638C71AB9B8AB009D3BCC /* MapForEventView.m in Sources */,
				A41563421A76ACC000565BB6 /* LogInVC.m in Sources */,
				A465A9211B4AC3AB00700F1C /* EVNGradientView.m in Sources */,
				A46DB25C1AAE7B0500208973 /* MBProgressHUD.m in Sources */,
				A4CC92761AFBAA84005EA199 /* EVNLocationSearchVC.m in Sources */,
				A40443631B04D06200F36C6A /* EVNMapAnnotation.m in Sources */,
				A495B0D71B382FBF005C96E5 /* EventDetailVC.m in Sources */,
				A41B2A131ABCBE3F00F7CE44 /* SignUpTabVC.m in Sources */,
				A430EE0A1AF264B30090ECB6 /* EVNUser.m in Sources */,
				A424B3781B3C6148004562CA /* EVNInviteContainerHeaderView.m in Sources */,
				A415633F1A769FDE00565BB6 /* SignUpVC.m in Sources */,
				A4D72FB51AAA175E00488D8D /* IDTTransitionControllerTab.m in Sources */,
				A4C2C1371ACEB4FB004C7F35 /* EventObject.m in Sources */,
				A4CEF7591AB1DB11002F02C8 /* FBShimmeringLayer.m in Sources */,
				A4B68BC41AEE7F4D003EB822 /* WalkthroughScreensPVC.m in Sources */,
				A47B7FE81B4577340061447A /* UICountingLabel.m in Sources */,
				A4E4B6B11ADEB60F00D38358 /* CommentsTableSource.m in Sources */,
				A41562C71A767D3A00565BB6 /* main.m in Sources */,
				A4B6FB1E1AB365C80033A3A1 /* SearchHeaderView.m in Sources */,
				A463633C1A9D00F100AD461D /* UIImageEffects.m in Sources */,
				A4C4EDD91A9538FB000BC3AD /* TabNavigationVC.m in Sources */,
				A44661161AA7589C00E6C3C6 /* AddEventPrimaryVC.m in Sources */,
				A43454461B3AEDD00001A4AA /* EVNConnectFBFriendsVC.m in Sources */,
				A41352551A81B80200034222 /* ImageViewPFExtended.m in Sources */,
				A4BEB5FD1AA931AC0024D731 /* AddEventSecondVC.m in Sources */,
				A45638CA1ABA2122009D3BCC /* EventPicturesVC.m in Sources */,
				A424B3701B3C3822004562CA /* EVNInviteContainerVC.m in Sources */,
				A4A1850C1AE91DC00009AC43 /* UIImage+EVNEffects.m in Sources */,
				A499CCEE1B4C3DF1000A7271 /* EVNLoginBaseVC.m in Sources */,
				A4CEF75A1AB1DB11002F02C8 /* FBShimmeringView.m in Sources */,
				A415633C1A768B9700565BB6 /* HomeScreenVC.m in Sources */,
			);
			runOnlyForDeploymentPostprocessing = 0;
		};
		A41562D61A767D3A00565BB6 /* Sources */ = {
			isa = PBXSourcesBuildPhase;
			buildActionMask = 2147483647;
			files = (
				A41562E11A767D3A00565BB6 /* EVNTRTests.m in Sources */,
			);
			runOnlyForDeploymentPostprocessing = 0;
		};
/* End PBXSourcesBuildPhase section */

/* Begin PBXTargetDependency section */
		A41562DC1A767D3A00565BB6 /* PBXTargetDependency */ = {
			isa = PBXTargetDependency;
			target = A41562C01A767D3A00565BB6 /* EVNTR */;
			targetProxy = A41562DB1A767D3A00565BB6 /* PBXContainerItemProxy */;
		};
/* End PBXTargetDependency section */

/* Begin PBXVariantGroup section */
		A41562D31A767D3A00565BB6 /* LaunchScreen.xib */ = {
			isa = PBXVariantGroup;
			children = (
				A41562D41A767D3A00565BB6 /* Base */,
			);
			name = LaunchScreen.xib;
			sourceTree = "<group>";
		};
/* End PBXVariantGroup section */

/* Begin XCBuildConfiguration section */
		A41562E21A767D3A00565BB6 /* Debug */ = {
			isa = XCBuildConfiguration;
			buildSettings = {
				ALWAYS_SEARCH_USER_PATHS = NO;
				CLANG_CXX_LANGUAGE_STANDARD = "gnu++0x";
				CLANG_CXX_LIBRARY = "libc++";
				CLANG_ENABLE_MODULES = YES;
				CLANG_ENABLE_OBJC_ARC = YES;
				CLANG_WARN_BOOL_CONVERSION = YES;
				CLANG_WARN_CONSTANT_CONVERSION = YES;
				CLANG_WARN_DIRECT_OBJC_ISA_USAGE = YES_ERROR;
				CLANG_WARN_EMPTY_BODY = YES;
				CLANG_WARN_ENUM_CONVERSION = YES;
				CLANG_WARN_INT_CONVERSION = YES;
				CLANG_WARN_OBJC_ROOT_CLASS = YES_ERROR;
				CLANG_WARN_UNREACHABLE_CODE = YES;
				CLANG_WARN__DUPLICATE_METHOD_MATCH = YES;
				"CODE_SIGN_IDENTITY[sdk=iphoneos*]" = "iPhone Developer";
				COPY_PHASE_STRIP = NO;
				ENABLE_STRICT_OBJC_MSGSEND = YES;
				GCC_C_LANGUAGE_STANDARD = gnu99;
				GCC_DYNAMIC_NO_PIC = NO;
				GCC_OPTIMIZATION_LEVEL = 0;
				GCC_PREPROCESSOR_DEFINITIONS = (
					"DEBUG=1",
					"$(inherited)",
				);
				GCC_SYMBOLS_PRIVATE_EXTERN = NO;
				GCC_WARN_64_TO_32_BIT_CONVERSION = YES;
				GCC_WARN_ABOUT_RETURN_TYPE = YES_ERROR;
				GCC_WARN_UNDECLARED_SELECTOR = YES;
				GCC_WARN_UNINITIALIZED_AUTOS = YES_AGGRESSIVE;
				GCC_WARN_UNUSED_FUNCTION = YES;
				GCC_WARN_UNUSED_VARIABLE = YES;
				IPHONEOS_DEPLOYMENT_TARGET = 8.1;
				MTL_ENABLE_DEBUG_INFO = YES;
				ONLY_ACTIVE_ARCH = YES;
				SDKROOT = iphoneos;
			};
			name = Debug;
		};
		A41562E31A767D3A00565BB6 /* Release */ = {
			isa = XCBuildConfiguration;
			buildSettings = {
				ALWAYS_SEARCH_USER_PATHS = NO;
				CLANG_CXX_LANGUAGE_STANDARD = "gnu++0x";
				CLANG_CXX_LIBRARY = "libc++";
				CLANG_ENABLE_MODULES = YES;
				CLANG_ENABLE_OBJC_ARC = YES;
				CLANG_WARN_BOOL_CONVERSION = YES;
				CLANG_WARN_CONSTANT_CONVERSION = YES;
				CLANG_WARN_DIRECT_OBJC_ISA_USAGE = YES_ERROR;
				CLANG_WARN_EMPTY_BODY = YES;
				CLANG_WARN_ENUM_CONVERSION = YES;
				CLANG_WARN_INT_CONVERSION = YES;
				CLANG_WARN_OBJC_ROOT_CLASS = YES_ERROR;
				CLANG_WARN_UNREACHABLE_CODE = YES;
				CLANG_WARN__DUPLICATE_METHOD_MATCH = YES;
				"CODE_SIGN_IDENTITY[sdk=iphoneos*]" = "iPhone Developer";
				COPY_PHASE_STRIP = YES;
				ENABLE_NS_ASSERTIONS = NO;
				ENABLE_STRICT_OBJC_MSGSEND = YES;
				GCC_C_LANGUAGE_STANDARD = gnu99;
				GCC_WARN_64_TO_32_BIT_CONVERSION = YES;
				GCC_WARN_ABOUT_RETURN_TYPE = YES_ERROR;
				GCC_WARN_UNDECLARED_SELECTOR = YES;
				GCC_WARN_UNINITIALIZED_AUTOS = YES_AGGRESSIVE;
				GCC_WARN_UNUSED_FUNCTION = YES;
				GCC_WARN_UNUSED_VARIABLE = YES;
				IPHONEOS_DEPLOYMENT_TARGET = 8.1;
				MTL_ENABLE_DEBUG_INFO = NO;
				SDKROOT = iphoneos;
				VALIDATE_PRODUCT = YES;
			};
			name = Release;
		};
		A41562E51A767D3A00565BB6 /* Debug */ = {
			isa = XCBuildConfiguration;
			buildSettings = {
				ASSETCATALOG_COMPILER_APPICON_NAME = AppIcon;
				ASSETCATALOG_COMPILER_LAUNCHIMAGE_NAME = LaunchImage;
				CODE_SIGN_IDENTITY = "iPhone Developer";
				"CODE_SIGN_IDENTITY[sdk=iphoneos*]" = "iPhone Developer";
				FRAMEWORK_SEARCH_PATHS = (
					"$(inherited)",
					"$(PROJECT_DIR)/EVNTR",
					/Users/U2Pride/Documents/FacebookSDK,
				);
				INFOPLIST_FILE = EVNTR/Info.plist;
				LD_RUNPATH_SEARCH_PATHS = "$(inherited) @executable_path/Frameworks";
				OTHER_LDFLAGS = "";
				PRODUCT_NAME = Evntr;
				PROVISIONING_PROFILE = "";
			};
			name = Debug;
		};
		A41562E61A767D3A00565BB6 /* Release */ = {
			isa = XCBuildConfiguration;
			buildSettings = {
				ASSETCATALOG_COMPILER_APPICON_NAME = AppIcon;
				ASSETCATALOG_COMPILER_LAUNCHIMAGE_NAME = LaunchImage;
				CODE_SIGN_IDENTITY = "iPhone Developer";
				"CODE_SIGN_IDENTITY[sdk=iphoneos*]" = "iPhone Developer";
				FRAMEWORK_SEARCH_PATHS = (
					"$(inherited)",
					"$(PROJECT_DIR)/EVNTR",
					/Users/U2Pride/Documents/FacebookSDK,
				);
				GCC_PREPROCESSOR_DEFINITIONS = "";
				INFOPLIST_FILE = EVNTR/Info.plist;
				LD_RUNPATH_SEARCH_PATHS = "$(inherited) @executable_path/Frameworks";
				OTHER_LDFLAGS = "";
				PRODUCT_NAME = Evntr;
				PROVISIONING_PROFILE = "";
			};
			name = Release;
		};
		A41562E81A767D3A00565BB6 /* Debug */ = {
			isa = XCBuildConfiguration;
			buildSettings = {
				BUNDLE_LOADER = "$(TEST_HOST)";
				FRAMEWORK_SEARCH_PATHS = (
					"$(SDKROOT)/Developer/Library/Frameworks",
					"$(inherited)",
				);
				GCC_PREPROCESSOR_DEFINITIONS = (
					"DEBUG=1",
					"$(inherited)",
				);
				INFOPLIST_FILE = EVNTRTests/Info.plist;
				LD_RUNPATH_SEARCH_PATHS = "$(inherited) @executable_path/Frameworks @loader_path/Frameworks";
				PRODUCT_NAME = "$(TARGET_NAME)";
				TEST_HOST = "$(BUILT_PRODUCTS_DIR)/EVNTR.app/EVNTR";
			};
			name = Debug;
		};
		A41562E91A767D3A00565BB6 /* Release */ = {
			isa = XCBuildConfiguration;
			buildSettings = {
				BUNDLE_LOADER = "$(TEST_HOST)";
				FRAMEWORK_SEARCH_PATHS = (
					"$(SDKROOT)/Developer/Library/Frameworks",
					"$(inherited)",
				);
				INFOPLIST_FILE = EVNTRTests/Info.plist;
				LD_RUNPATH_SEARCH_PATHS = "$(inherited) @executable_path/Frameworks @loader_path/Frameworks";
				PRODUCT_NAME = "$(TARGET_NAME)";
				TEST_HOST = "$(BUILT_PRODUCTS_DIR)/EVNTR.app/EVNTR";
			};
			name = Release;
		};
/* End XCBuildConfiguration section */

/* Begin XCConfigurationList section */
		A41562BC1A767D3A00565BB6 /* Build configuration list for PBXProject "EVNTR" */ = {
			isa = XCConfigurationList;
			buildConfigurations = (
				A41562E21A767D3A00565BB6 /* Debug */,
				A41562E31A767D3A00565BB6 /* Release */,
			);
			defaultConfigurationIsVisible = 0;
			defaultConfigurationName = Release;
		};
		A41562E41A767D3A00565BB6 /* Build configuration list for PBXNativeTarget "EVNTR" */ = {
			isa = XCConfigurationList;
			buildConfigurations = (
				A41562E51A767D3A00565BB6 /* Debug */,
				A41562E61A767D3A00565BB6 /* Release */,
			);
			defaultConfigurationIsVisible = 0;
			defaultConfigurationName = Release;
		};
		A41562E71A767D3A00565BB6 /* Build configuration list for PBXNativeTarget "EVNTRTests" */ = {
			isa = XCConfigurationList;
			buildConfigurations = (
				A41562E81A767D3A00565BB6 /* Debug */,
				A41562E91A767D3A00565BB6 /* Release */,
			);
			defaultConfigurationIsVisible = 0;
			defaultConfigurationName = Release;
		};
/* End XCConfigurationList section */
	};
	rootObject = A41562B91A767D3A00565BB6 /* Project object */;
}
